// !$*UTF8*$!
{
	archiveVersion = 1;
	classes = {
	};
	objectVersion = 55;
	objects = {

/* Begin PBXBuildFile section */
		6C126C1E28003CFA006B2E2D /* 203_Remove Linked List Elements.swift in Sources */ = {isa = PBXBuildFile; fileRef = 6C126C1D28003CFA006B2E2D /* 203_Remove Linked List Elements.swift */; };
		6C12C428278AB0E9007921B9 /* 70_ClimbingStairs.swift in Sources */ = {isa = PBXBuildFile; fileRef = 6C12C427278AB0E9007921B9 /* 70_ClimbingStairs.swift */; };
		6C12C42A278AB7AA007921B9 /* 746_MinCostClimbingStairs.swift in Sources */ = {isa = PBXBuildFile; fileRef = 6C12C429278AB7AA007921B9 /* 746_MinCostClimbingStairs.swift */; };
		6C1AC7F529FF9D7F003E69F0 /* leetcodeTest.swift in Sources */ = {isa = PBXBuildFile; fileRef = 6C1AC7F429FF9D7F003E69F0 /* leetcodeTest.swift */; };
		6C1AC80129FFAC0A003E69F0 /* SwiftSoup in Frameworks */ = {isa = PBXBuildFile; productRef = 6C1AC80029FFAC0A003E69F0 /* SwiftSoup */; };
		6C1AC80429FFC0EB003E69F0 /* 3Sum.swift in Sources */ = {isa = PBXBuildFile; fileRef = 6C1AC80229FFC0E8003E69F0 /* 3Sum.swift */; };
		6C1AC80529FFC0F0003E69F0 /* 3Sum.swift in Sources */ = {isa = PBXBuildFile; fileRef = 6C1AC80229FFC0E8003E69F0 /* 3Sum.swift */; };
		6C1AC80829FFC384003E69F0 /* Problem.swift in Sources */ = {isa = PBXBuildFile; fileRef = 6C1AC80729FFC384003E69F0 /* Problem.swift */; };
		6C1AC80929FFC4AB003E69F0 /* Problem.swift in Sources */ = {isa = PBXBuildFile; fileRef = 6C1AC80729FFC384003E69F0 /* Problem.swift */; };
		6C22959D27FDA8EE00381DA2 /* 2185_Counting Words With a Given Prefix.swift in Sources */ = {isa = PBXBuildFile; fileRef = 6C22959C27FDA8EE00381DA2 /* 2185_Counting Words With a Given Prefix.swift */; };
		6C5B4AE227507B1600C17A16 /* main.swift in Sources */ = {isa = PBXBuildFile; fileRef = 6C5B4AE127507B1600C17A16 /* main.swift */; };
		6C5B4AE927507ECA00C17A16 /* twoSum.swift in Sources */ = {isa = PBXBuildFile; fileRef = 6C5B4AE827507ECA00C17A16 /* twoSum.swift */; };
		6C5B4AEB27507F6300C17A16 /* Reverse Integer.swift in Sources */ = {isa = PBXBuildFile; fileRef = 6C5B4AEA27507F6300C17A16 /* Reverse Integer.swift */; };
		6C5B4AED275083C000C17A16 /* Palindrome Number.swift in Sources */ = {isa = PBXBuildFile; fileRef = 6C5B4AEC275083C000C17A16 /* Palindrome Number.swift */; };
		6C5B4AEF2750865800C17A16 /* Roman to Integer.swift in Sources */ = {isa = PBXBuildFile; fileRef = 6C5B4AEE2750865800C17A16 /* Roman to Integer.swift */; };
		6C5B4AF927508AC900C17A16 /* Longest Common Prefix.swift in Sources */ = {isa = PBXBuildFile; fileRef = 6C5B4AF827508AC900C17A16 /* Longest Common Prefix.swift */; };
		6C5B4AFD2750A2EA00C17A16 /* Merge Two Sorted Lists.swift in Sources */ = {isa = PBXBuildFile; fileRef = 6C5B4AFC2750A2EA00C17A16 /* Merge Two Sorted Lists.swift */; };
		6C79B8DE278EB46C00878348 /* removeDuplicatsFromSortedList.swift in Sources */ = {isa = PBXBuildFile; fileRef = 6C79B8DD278EB46C00878348 /* removeDuplicatsFromSortedList.swift */; };
		6C79B8E0278EB48000878348 /* linkedListCycle.swift in Sources */ = {isa = PBXBuildFile; fileRef = 6C79B8DF278EB48000878348 /* linkedListCycle.swift */; };
		6CAB30BA2789681D001B0F3D /* 509_FibonacciNumber.swift in Sources */ = {isa = PBXBuildFile; fileRef = 6CAB30B92789681D001B0F3D /* 509_FibonacciNumber.swift */; };
		6CAB30BC27897288001B0F3D /* 1137_tribonacci.swift in Sources */ = {isa = PBXBuildFile; fileRef = 6CAB30BB27897288001B0F3D /* 1137_tribonacci.swift */; };
		6CB971FF27FB0DC7001754CB /* 2085_Count Common Words With One Occurrence.swift in Sources */ = {isa = PBXBuildFile; fileRef = 6CB971FE27FB0DC7001754CB /* 2085_Count Common Words With One Occurrence.swift */; };
		6CF3C10C27FC457E003B4803 /* 1748_Sum of Unique Elements.swift in Sources */ = {isa = PBXBuildFile; fileRef = 6CF3C10B27FC457E003B4803 /* 1748_Sum of Unique Elements.swift */; };
/* End PBXBuildFile section */

/* Begin PBXCopyFilesBuildPhase section */
		6C5B4ADC27507B1600C17A16 /* CopyFiles */ = {
			isa = PBXCopyFilesBuildPhase;
			buildActionMask = 2147483647;
			dstPath = /usr/share/man/man1/;
			dstSubfolderSpec = 0;
			files = (
			);
			runOnlyForDeploymentPostprocessing = 1;
		};
/* End PBXCopyFilesBuildPhase section */

/* Begin PBXFileReference section */
		6C126C1D28003CFA006B2E2D /* 203_Remove Linked List Elements.swift */ = {isa = PBXFileReference; lastKnownFileType = sourcecode.swift; path = "203_Remove Linked List Elements.swift"; sourceTree = "<group>"; };
		6C12C427278AB0E9007921B9 /* 70_ClimbingStairs.swift */ = {isa = PBXFileReference; lastKnownFileType = sourcecode.swift; path = 70_ClimbingStairs.swift; sourceTree = "<group>"; };
		6C12C429278AB7AA007921B9 /* 746_MinCostClimbingStairs.swift */ = {isa = PBXFileReference; lastKnownFileType = sourcecode.swift; path = 746_MinCostClimbingStairs.swift; sourceTree = "<group>"; };
		6C1AC7F229FF9D7F003E69F0 /* leetcodeTest.xctest */ = {isa = PBXFileReference; explicitFileType = wrapper.cfbundle; includeInIndex = 0; path = leetcodeTest.xctest; sourceTree = BUILT_PRODUCTS_DIR; };
		6C1AC7F429FF9D7F003E69F0 /* leetcodeTest.swift */ = {isa = PBXFileReference; lastKnownFileType = sourcecode.swift; path = leetcodeTest.swift; sourceTree = "<group>"; };
		6C1AC7FA29FF9E85003E69F0 /* leetcodeAlgorithm.xctestplan */ = {isa = PBXFileReference; lastKnownFileType = text; path = leetcodeAlgorithm.xctestplan; sourceTree = "<group>"; };
		6C1AC80229FFC0E8003E69F0 /* 3Sum.swift */ = {isa = PBXFileReference; lastKnownFileType = sourcecode.swift; path = 3Sum.swift; sourceTree = "<group>"; };
		6C1AC80729FFC384003E69F0 /* Problem.swift */ = {isa = PBXFileReference; lastKnownFileType = sourcecode.swift; path = Problem.swift; sourceTree = "<group>"; };
		6C22959C27FDA8EE00381DA2 /* 2185_Counting Words With a Given Prefix.swift */ = {isa = PBXFileReference; lastKnownFileType = sourcecode.swift; path = "2185_Counting Words With a Given Prefix.swift"; sourceTree = "<group>"; };
		6C5B4ADE27507B1600C17A16 /* leetcodeAlgorithm */ = {isa = PBXFileReference; explicitFileType = "compiled.mach-o.executable"; includeInIndex = 0; path = leetcodeAlgorithm; sourceTree = BUILT_PRODUCTS_DIR; };
		6C5B4AE127507B1600C17A16 /* main.swift */ = {isa = PBXFileReference; lastKnownFileType = sourcecode.swift; path = main.swift; sourceTree = "<group>"; };
		6C5B4AE827507ECA00C17A16 /* twoSum.swift */ = {isa = PBXFileReference; lastKnownFileType = sourcecode.swift; path = twoSum.swift; sourceTree = "<group>"; };
		6C5B4AEA27507F6300C17A16 /* Reverse Integer.swift */ = {isa = PBXFileReference; lastKnownFileType = sourcecode.swift; path = "Reverse Integer.swift"; sourceTree = "<group>"; };
		6C5B4AEC275083C000C17A16 /* Palindrome Number.swift */ = {isa = PBXFileReference; lastKnownFileType = sourcecode.swift; path = "Palindrome Number.swift"; sourceTree = "<group>"; };
		6C5B4AEE2750865800C17A16 /* Roman to Integer.swift */ = {isa = PBXFileReference; lastKnownFileType = sourcecode.swift; path = "Roman to Integer.swift"; sourceTree = "<group>"; };
		6C5B4AF827508AC900C17A16 /* Longest Common Prefix.swift */ = {isa = PBXFileReference; lastKnownFileType = sourcecode.swift; path = "Longest Common Prefix.swift"; sourceTree = "<group>"; };
		6C5B4AFC2750A2EA00C17A16 /* Merge Two Sorted Lists.swift */ = {isa = PBXFileReference; lastKnownFileType = sourcecode.swift; path = "Merge Two Sorted Lists.swift"; sourceTree = "<group>"; };
		6C79B8DD278EB46C00878348 /* removeDuplicatsFromSortedList.swift */ = {isa = PBXFileReference; lastKnownFileType = sourcecode.swift; path = removeDuplicatsFromSortedList.swift; sourceTree = "<group>"; };
		6C79B8DF278EB48000878348 /* linkedListCycle.swift */ = {isa = PBXFileReference; lastKnownFileType = sourcecode.swift; path = linkedListCycle.swift; sourceTree = "<group>"; };
		6CAB30B92789681D001B0F3D /* 509_FibonacciNumber.swift */ = {isa = PBXFileReference; lastKnownFileType = sourcecode.swift; path = 509_FibonacciNumber.swift; sourceTree = "<group>"; };
		6CAB30BB27897288001B0F3D /* 1137_tribonacci.swift */ = {isa = PBXFileReference; lastKnownFileType = sourcecode.swift; path = 1137_tribonacci.swift; sourceTree = "<group>"; };
		6CB971FE27FB0DC7001754CB /* 2085_Count Common Words With One Occurrence.swift */ = {isa = PBXFileReference; lastKnownFileType = sourcecode.swift; path = "2085_Count Common Words With One Occurrence.swift"; sourceTree = "<group>"; };
		6CF3C10B27FC457E003B4803 /* 1748_Sum of Unique Elements.swift */ = {isa = PBXFileReference; lastKnownFileType = sourcecode.swift; path = "1748_Sum of Unique Elements.swift"; sourceTree = "<group>"; };
/* End PBXFileReference section */

/* Begin PBXFrameworksBuildPhase section */
		6C1AC7EF29FF9D7F003E69F0 /* Frameworks */ = {
			isa = PBXFrameworksBuildPhase;
			buildActionMask = 2147483647;
			files = (
			);
			runOnlyForDeploymentPostprocessing = 0;
		};
		6C5B4ADB27507B1600C17A16 /* Frameworks */ = {
			isa = PBXFrameworksBuildPhase;
			buildActionMask = 2147483647;
			files = (
				6C1AC80129FFAC0A003E69F0 /* SwiftSoup in Frameworks */,
			);
			runOnlyForDeploymentPostprocessing = 0;
		};
/* End PBXFrameworksBuildPhase section */

/* Begin PBXGroup section */
		6C1AC7F329FF9D7F003E69F0 /* leetcodeTest */ = {
			isa = PBXGroup;
			children = (
				6C1AC7FA29FF9E85003E69F0 /* leetcodeAlgorithm.xctestplan */,
				6C1AC7F429FF9D7F003E69F0 /* leetcodeTest.swift */,
			);
			path = leetcodeTest;
			sourceTree = "<group>";
		};
		6C5B4AD527507B1600C17A16 = {
			isa = PBXGroup;
			children = (
				6C5B4AE027507B1600C17A16 /* leetcodeAlgorithm */,
				6C1AC7F329FF9D7F003E69F0 /* leetcodeTest */,
				6C5B4ADF27507B1600C17A16 /* Products */,
			);
			sourceTree = "<group>";
		};
		6C5B4ADF27507B1600C17A16 /* Products */ = {
			isa = PBXGroup;
			children = (
				6C5B4ADE27507B1600C17A16 /* leetcodeAlgorithm */,
				6C1AC7F229FF9D7F003E69F0 /* leetcodeTest.xctest */,
			);
			name = Products;
			sourceTree = "<group>";
		};
		6C5B4AE027507B1600C17A16 /* leetcodeAlgorithm */ = {
			isa = PBXGroup;
			children = (
				6C5B4AE127507B1600C17A16 /* main.swift */,
				6CB971FE27FB0DC7001754CB /* 2085_Count Common Words With One Occurrence.swift */,
				6CF3C10B27FC457E003B4803 /* 1748_Sum of Unique Elements.swift */,
				6C22959C27FDA8EE00381DA2 /* 2185_Counting Words With a Given Prefix.swift */,
				6C126C1D28003CFA006B2E2D /* 203_Remove Linked List Elements.swift */,
				6C5B4AFC2750A2EA00C17A16 /* Merge Two Sorted Lists.swift */,
				6CAB30B92789681D001B0F3D /* 509_FibonacciNumber.swift */,
				6CAB30BB27897288001B0F3D /* 1137_tribonacci.swift */,
				6C5B4AE827507ECA00C17A16 /* twoSum.swift */,
				6C5B4AEA27507F6300C17A16 /* Reverse Integer.swift */,
				6C5B4AEE2750865800C17A16 /* Roman to Integer.swift */,
				6C5B4AEC275083C000C17A16 /* Palindrome Number.swift */,
				6C5B4AF827508AC900C17A16 /* Longest Common Prefix.swift */,
				6C79B8DD278EB46C00878348 /* removeDuplicatsFromSortedList.swift */,
				6C79B8DF278EB48000878348 /* linkedListCycle.swift */,
				6C12C427278AB0E9007921B9 /* 70_ClimbingStairs.swift */,
				6C1AC80229FFC0E8003E69F0 /* 3Sum.swift */,
				6C12C429278AB7AA007921B9 /* 746_MinCostClimbingStairs.swift */,
				6C1AC80729FFC384003E69F0 /* Problem.swift */,
			);
			path = leetcodeAlgorithm;
			sourceTree = "<group>";
		};
/* End PBXGroup section */

/* Begin PBXNativeTarget section */
		6C1AC7F129FF9D7F003E69F0 /* leetcodeTest */ = {
			isa = PBXNativeTarget;
			buildConfigurationList = 6C1AC7F829FF9D7F003E69F0 /* Build configuration list for PBXNativeTarget "leetcodeTest" */;
			buildPhases = (
				6C1AC7EE29FF9D7F003E69F0 /* Sources */,
				6C1AC7EF29FF9D7F003E69F0 /* Frameworks */,
				6C1AC7F029FF9D7F003E69F0 /* Resources */,
			);
			buildRules = (
			);
			dependencies = (
			);
			name = leetcodeTest;
			productName = leetcodeTest;
			productReference = 6C1AC7F229FF9D7F003E69F0 /* leetcodeTest.xctest */;
			productType = "com.apple.product-type.bundle.unit-test";
		};
		6C5B4ADD27507B1600C17A16 /* leetcodeAlgorithm */ = {
			isa = PBXNativeTarget;
			buildConfigurationList = 6C5B4AE527507B1600C17A16 /* Build configuration list for PBXNativeTarget "leetcodeAlgorithm" */;
			buildPhases = (
				6C5B4ADA27507B1600C17A16 /* Sources */,
				6C5B4ADB27507B1600C17A16 /* Frameworks */,
				6C5B4ADC27507B1600C17A16 /* CopyFiles */,
			);
			buildRules = (
			);
			dependencies = (
			);
			name = leetcodeAlgorithm;
			packageProductDependencies = (
				6C1AC80029FFAC0A003E69F0 /* SwiftSoup */,
			);
			productName = leetcodeAlgorithm;
			productReference = 6C5B4ADE27507B1600C17A16 /* leetcodeAlgorithm */;
			productType = "com.apple.product-type.tool";
		};
/* End PBXNativeTarget section */

/* Begin PBXProject section */
		6C5B4AD627507B1600C17A16 /* Project object */ = {
			isa = PBXProject;
			attributes = {
				BuildIndependentTargetsInParallel = 1;
				LastSwiftUpdateCheck = 1430;
				LastUpgradeCheck = 1310;
				TargetAttributes = {
					6C1AC7F129FF9D7F003E69F0 = {
						CreatedOnToolsVersion = 14.3;
					};
					6C5B4ADD27507B1600C17A16 = {
						CreatedOnToolsVersion = 13.1;
					};
				};
			};
			buildConfigurationList = 6C5B4AD927507B1600C17A16 /* Build configuration list for PBXProject "leetcodeAlgorithm" */;
			compatibilityVersion = "Xcode 13.0";
			developmentRegion = en;
			hasScannedForEncodings = 0;
			knownRegions = (
				en,
				Base,
			);
			mainGroup = 6C5B4AD527507B1600C17A16;
			packageReferences = (
				6C1AC7FF29FFAC0A003E69F0 /* XCRemoteSwiftPackageReference "SwiftSoup" */,
			);
			productRefGroup = 6C5B4ADF27507B1600C17A16 /* Products */;
			projectDirPath = "";
			projectRoot = "";
			targets = (
				6C5B4ADD27507B1600C17A16 /* leetcodeAlgorithm */,
				6C1AC7F129FF9D7F003E69F0 /* leetcodeTest */,
			);
		};
/* End PBXProject section */

/* Begin PBXResourcesBuildPhase section */
		6C1AC7F029FF9D7F003E69F0 /* Resources */ = {
			isa = PBXResourcesBuildPhase;
			buildActionMask = 2147483647;
			files = (
			);
			runOnlyForDeploymentPostprocessing = 0;
		};
/* End PBXResourcesBuildPhase section */

/* Begin PBXSourcesBuildPhase section */
		6C1AC7EE29FF9D7F003E69F0 /* Sources */ = {
			isa = PBXSourcesBuildPhase;
			buildActionMask = 2147483647;
			files = (
				6C1AC7F529FF9D7F003E69F0 /* leetcodeTest.swift in Sources */,
				6C1AC80929FFC4AB003E69F0 /* Problem.swift in Sources */,
				6C1AC80529FFC0F0003E69F0 /* 3Sum.swift in Sources */,
			);
			runOnlyForDeploymentPostprocessing = 0;
		};
		6C5B4ADA27507B1600C17A16 /* Sources */ = {
			isa = PBXSourcesBuildPhase;
			buildActionMask = 2147483647;
			files = (
				6CAB30BC27897288001B0F3D /* 1137_tribonacci.swift in Sources */,
				6C22959D27FDA8EE00381DA2 /* 2185_Counting Words With a Given Prefix.swift in Sources */,
				6C12C428278AB0E9007921B9 /* 70_ClimbingStairs.swift in Sources */,
				6C79B8DE278EB46C00878348 /* removeDuplicatsFromSortedList.swift in Sources */,
				6CAB30BA2789681D001B0F3D /* 509_FibonacciNumber.swift in Sources */,
				6C5B4AE927507ECA00C17A16 /* twoSum.swift in Sources */,
				6C5B4AEF2750865800C17A16 /* Roman to Integer.swift in Sources */,
				6C12C42A278AB7AA007921B9 /* 746_MinCostClimbingStairs.swift in Sources */,
				6CF3C10C27FC457E003B4803 /* 1748_Sum of Unique Elements.swift in Sources */,
				6C126C1E28003CFA006B2E2D /* 203_Remove Linked List Elements.swift in Sources */,
				6C5B4AEB27507F6300C17A16 /* Reverse Integer.swift in Sources */,
				6C1AC80429FFC0EB003E69F0 /* 3Sum.swift in Sources */,
				6C5B4AED275083C000C17A16 /* Palindrome Number.swift in Sources */,
				6C5B4AE227507B1600C17A16 /* main.swift in Sources */,
				6C1AC80829FFC384003E69F0 /* Problem.swift in Sources */,
				6C79B8E0278EB48000878348 /* linkedListCycle.swift in Sources */,
				6C5B4AF927508AC900C17A16 /* Longest Common Prefix.swift in Sources */,
				6CB971FF27FB0DC7001754CB /* 2085_Count Common Words With One Occurrence.swift in Sources */,
				6C5B4AFD2750A2EA00C17A16 /* Merge Two Sorted Lists.swift in Sources */,
			);
			runOnlyForDeploymentPostprocessing = 0;
		};
/* End PBXSourcesBuildPhase section */

/* Begin XCBuildConfiguration section */
		6C1AC7F629FF9D7F003E69F0 /* Debug */ = {
			isa = XCBuildConfiguration;
			buildSettings = {
				CLANG_CXX_LANGUAGE_STANDARD = "gnu++20";
				CODE_SIGN_STYLE = Automatic;
				CURRENT_PROJECT_VERSION = 1;
				DEVELOPMENT_TEAM = 8ZQU3Y88G8;
				GENERATE_INFOPLIST_FILE = YES;
				IPHONEOS_DEPLOYMENT_TARGET = 16.4;
				MACOSX_DEPLOYMENT_TARGET = 13.2;
				MARKETING_VERSION = 1.0;
				PRODUCT_BUNDLE_IDENTIFIER = com.leetcodeTest;
				PRODUCT_NAME = "$(TARGET_NAME)";
				SDKROOT = auto;
				SUPPORTED_PLATFORMS = "iphoneos iphonesimulator macosx";
				SWIFT_EMIT_LOC_STRINGS = NO;
				SWIFT_VERSION = 5.0;
				TARGETED_DEVICE_FAMILY = "1,2";
			};
			name = Debug;
		};
		6C1AC7F729FF9D7F003E69F0 /* Release */ = {
			isa = XCBuildConfiguration;
			buildSettings = {
				CLANG_CXX_LANGUAGE_STANDARD = "gnu++20";
				CODE_SIGN_STYLE = Automatic;
				CURRENT_PROJECT_VERSION = 1;
				DEVELOPMENT_TEAM = 8ZQU3Y88G8;
				GENERATE_INFOPLIST_FILE = YES;
				IPHONEOS_DEPLOYMENT_TARGET = 16.4;
				MACOSX_DEPLOYMENT_TARGET = 13.2;
				MARKETING_VERSION = 1.0;
				PRODUCT_BUNDLE_IDENTIFIER = com.leetcodeTest;
				PRODUCT_NAME = "$(TARGET_NAME)";
				SDKROOT = auto;
				SUPPORTED_PLATFORMS = "iphoneos iphonesimulator macosx";
				SWIFT_EMIT_LOC_STRINGS = NO;
				SWIFT_VERSION = 5.0;
				TARGETED_DEVICE_FAMILY = "1,2";
			};
			name = Release;
		};
		6C5B4AE327507B1600C17A16 /* Debug */ = {
			isa = XCBuildConfiguration;
			buildSettings = {
				ALWAYS_SEARCH_USER_PATHS = NO;
				CLANG_ANALYZER_NONNULL = YES;
				CLANG_ANALYZER_NUMBER_OBJECT_CONVERSION = YES_AGGRESSIVE;
				CLANG_CXX_LANGUAGE_STANDARD = "gnu++17";
				CLANG_CXX_LIBRARY = "libc++";
				CLANG_ENABLE_MODULES = YES;
				CLANG_ENABLE_OBJC_ARC = YES;
				CLANG_ENABLE_OBJC_WEAK = YES;
				CLANG_WARN_BLOCK_CAPTURE_AUTORELEASING = YES;
				CLANG_WARN_BOOL_CONVERSION = YES;
				CLANG_WARN_COMMA = YES;
				CLANG_WARN_CONSTANT_CONVERSION = YES;
				CLANG_WARN_DEPRECATED_OBJC_IMPLEMENTATIONS = YES;
				CLANG_WARN_DIRECT_OBJC_ISA_USAGE = YES_ERROR;
				CLANG_WARN_DOCUMENTATION_COMMENTS = YES;
				CLANG_WARN_EMPTY_BODY = YES;
				CLANG_WARN_ENUM_CONVERSION = YES;
				CLANG_WARN_INFINITE_RECURSION = YES;
				CLANG_WARN_INT_CONVERSION = YES;
				CLANG_WARN_NON_LITERAL_NULL_CONVERSION = YES;
				CLANG_WARN_OBJC_IMPLICIT_RETAIN_SELF = YES;
				CLANG_WARN_OBJC_LITERAL_CONVERSION = YES;
				CLANG_WARN_OBJC_ROOT_CLASS = YES_ERROR;
				CLANG_WARN_QUOTED_INCLUDE_IN_FRAMEWORK_HEADER = YES;
				CLANG_WARN_RANGE_LOOP_ANALYSIS = YES;
				CLANG_WARN_STRICT_PROTOTYPES = YES;
				CLANG_WARN_SUSPICIOUS_MOVE = YES;
				CLANG_WARN_UNGUARDED_AVAILABILITY = YES_AGGRESSIVE;
				CLANG_WARN_UNREACHABLE_CODE = YES;
				CLANG_WARN__DUPLICATE_METHOD_MATCH = YES;
				COPY_PHASE_STRIP = NO;
				DEBUG_INFORMATION_FORMAT = dwarf;
				ENABLE_STRICT_OBJC_MSGSEND = YES;
				ENABLE_TESTABILITY = YES;
				ENABLE_TESTING_SEARCH_PATHS = YES;
				GCC_C_LANGUAGE_STANDARD = gnu11;
				GCC_DYNAMIC_NO_PIC = NO;
				GCC_NO_COMMON_BLOCKS = YES;
				GCC_OPTIMIZATION_LEVEL = 0;
				GCC_PREPROCESSOR_DEFINITIONS = (
					"DEBUG=1",
					"$(inherited)",
				);
				GCC_WARN_64_TO_32_BIT_CONVERSION = YES;
				GCC_WARN_ABOUT_RETURN_TYPE = YES_ERROR;
				GCC_WARN_UNDECLARED_SELECTOR = YES;
				GCC_WARN_UNINITIALIZED_AUTOS = YES_AGGRESSIVE;
				GCC_WARN_UNUSED_FUNCTION = YES;
				GCC_WARN_UNUSED_VARIABLE = YES;
				MACOSX_DEPLOYMENT_TARGET = 12.0;
				MTL_ENABLE_DEBUG_INFO = INCLUDE_SOURCE;
				MTL_FAST_MATH = YES;
				ONLY_ACTIVE_ARCH = YES;
				SDKROOT = macosx;
				SWIFT_ACTIVE_COMPILATION_CONDITIONS = DEBUG;
				SWIFT_OPTIMIZATION_LEVEL = "-Onone";
			};
			name = Debug;
		};
		6C5B4AE427507B1600C17A16 /* Release */ = {
			isa = XCBuildConfiguration;
			buildSettings = {
				ALWAYS_SEARCH_USER_PATHS = NO;
				CLANG_ANALYZER_NONNULL = YES;
				CLANG_ANALYZER_NUMBER_OBJECT_CONVERSION = YES_AGGRESSIVE;
				CLANG_CXX_LANGUAGE_STANDARD = "gnu++17";
				CLANG_CXX_LIBRARY = "libc++";
				CLANG_ENABLE_MODULES = YES;
				CLANG_ENABLE_OBJC_ARC = YES;
				CLANG_ENABLE_OBJC_WEAK = YES;
				CLANG_WARN_BLOCK_CAPTURE_AUTORELEASING = YES;
				CLANG_WARN_BOOL_CONVERSION = YES;
				CLANG_WARN_COMMA = YES;
				CLANG_WARN_CONSTANT_CONVERSION = YES;
				CLANG_WARN_DEPRECATED_OBJC_IMPLEMENTATIONS = YES;
				CLANG_WARN_DIRECT_OBJC_ISA_USAGE = YES_ERROR;
				CLANG_WARN_DOCUMENTATION_COMMENTS = YES;
				CLANG_WARN_EMPTY_BODY = YES;
				CLANG_WARN_ENUM_CONVERSION = YES;
				CLANG_WARN_INFINITE_RECURSION = YES;
				CLANG_WARN_INT_CONVERSION = YES;
				CLANG_WARN_NON_LITERAL_NULL_CONVERSION = YES;
				CLANG_WARN_OBJC_IMPLICIT_RETAIN_SELF = YES;
				CLANG_WARN_OBJC_LITERAL_CONVERSION = YES;
				CLANG_WARN_OBJC_ROOT_CLASS = YES_ERROR;
				CLANG_WARN_QUOTED_INCLUDE_IN_FRAMEWORK_HEADER = YES;
				CLANG_WARN_RANGE_LOOP_ANALYSIS = YES;
				CLANG_WARN_STRICT_PROTOTYPES = YES;
				CLANG_WARN_SUSPICIOUS_MOVE = YES;
				CLANG_WARN_UNGUARDED_AVAILABILITY = YES_AGGRESSIVE;
				CLANG_WARN_UNREACHABLE_CODE = YES;
				CLANG_WARN__DUPLICATE_METHOD_MATCH = YES;
				COPY_PHASE_STRIP = NO;
				DEBUG_INFORMATION_FORMAT = "dwarf-with-dsym";
				ENABLE_NS_ASSERTIONS = NO;
				ENABLE_STRICT_OBJC_MSGSEND = YES;
				ENABLE_TESTING_SEARCH_PATHS = YES;
				GCC_C_LANGUAGE_STANDARD = gnu11;
				GCC_NO_COMMON_BLOCKS = YES;
				GCC_WARN_64_TO_32_BIT_CONVERSION = YES;
				GCC_WARN_ABOUT_RETURN_TYPE = YES_ERROR;
				GCC_WARN_UNDECLARED_SELECTOR = YES;
				GCC_WARN_UNINITIALIZED_AUTOS = YES_AGGRESSIVE;
				GCC_WARN_UNUSED_FUNCTION = YES;
				GCC_WARN_UNUSED_VARIABLE = YES;
				MACOSX_DEPLOYMENT_TARGET = 12.0;
				MTL_ENABLE_DEBUG_INFO = NO;
				MTL_FAST_MATH = YES;
				SDKROOT = macosx;
				SWIFT_COMPILATION_MODE = wholemodule;
				SWIFT_OPTIMIZATION_LEVEL = "-O";
			};
			name = Release;
		};
		6C5B4AE627507B1600C17A16 /* Debug */ = {
			isa = XCBuildConfiguration;
			buildSettings = {
				CODE_SIGN_STYLE = Automatic;
				DEVELOPMENT_TEAM = 8ZQU3Y88G8;
				ENABLE_HARDENED_RUNTIME = YES;
				PRODUCT_NAME = "$(TARGET_NAME)";
				SWIFT_VERSION = 5.0;
			};
			name = Debug;
		};
		6C5B4AE727507B1600C17A16 /* Release */ = {
			isa = XCBuildConfiguration;
			buildSettings = {
				CODE_SIGN_STYLE = Automatic;
				DEVELOPMENT_TEAM = 8ZQU3Y88G8;
				ENABLE_HARDENED_RUNTIME = YES;
				PRODUCT_NAME = "$(TARGET_NAME)";
				SWIFT_VERSION = 5.0;
			};
			name = Release;
		};
/* End XCBuildConfiguration section */

/* Begin XCConfigurationList section */
		6C1AC7F829FF9D7F003E69F0 /* Build configuration list for PBXNativeTarget "leetcodeTest" */ = {
			isa = XCConfigurationList;
			buildConfigurations = (
				6C1AC7F629FF9D7F003E69F0 /* Debug */,
				6C1AC7F729FF9D7F003E69F0 /* Release */,
			);
			defaultConfigurationIsVisible = 0;
			defaultConfigurationName = Release;
		};
		6C5B4AD927507B1600C17A16 /* Build configuration list for PBXProject "leetcodeAlgorithm" */ = {
			isa = XCConfigurationList;
			buildConfigurations = (
				6C5B4AE327507B1600C17A16 /* Debug */,
				6C5B4AE427507B1600C17A16 /* Release */,
			);
			defaultConfigurationIsVisible = 0;
			defaultConfigurationName = Release;
		};
		6C5B4AE527507B1600C17A16 /* Build configuration list for PBXNativeTarget "leetcodeAlgorithm" */ = {
			isa = XCConfigurationList;
			buildConfigurations = (
				6C5B4AE627507B1600C17A16 /* Debug */,
				6C5B4AE727507B1600C17A16 /* Release */,
			);
			defaultConfigurationIsVisible = 0;
			defaultConfigurationName = Release;
		};
/* End XCConfigurationList section */

/* Begin XCRemoteSwiftPackageReference section */
		6C1AC7FF29FFAC0A003E69F0 /* XCRemoteSwiftPackageReference "SwiftSoup" */ = {
			isa = XCRemoteSwiftPackageReference;
			repositoryURL = "https://github.com/scinfu/SwiftSoup";
			requirement = {
				kind = upToNextMajorVersion;
				minimumVersion = 2.0.0;
			};
		};
/* End XCRemoteSwiftPackageReference section */

/* Begin XCSwiftPackageProductDependency section */
		6C1AC80029FFAC0A003E69F0 /* SwiftSoup */ = {
			isa = XCSwiftPackageProductDependency;
			package = 6C1AC7FF29FFAC0A003E69F0 /* XCRemoteSwiftPackageReference "SwiftSoup" */;
			productName = SwiftSoup;
		};
/* End XCSwiftPackageProductDependency section */
	};
	rootObject = 6C5B4AD627507B1600C17A16 /* Project object */;
}
