// !$*UTF8*$!
{
	archiveVersion = 1;
	classes = {
	};
	objectVersion = 55;
	objects = {

/* Begin PBXBuildFile section */
		6C00654D279BD0B600BA15BE /* 1436_영화감독 숌.swift in Sources */ = {isa = PBXBuildFile; fileRef = 6C00654C279BD0B600BA15BE /* 1436_영화감독 숌.swift */; };
		6C00654F279BDE0F00BA15BE /* 1259_팰린드롬수.swift in Sources */ = {isa = PBXBuildFile; fileRef = 6C00654E279BDE0F00BA15BE /* 1259_팰린드롬수.swift */; };
		6C0ACED52753512F00B38AE0 /* 11050_이항 계수 1.swift in Sources */ = {isa = PBXBuildFile; fileRef = 6C0ACED42753512F00B38AE0 /* 11050_이항 계수 1.swift */; };
		6C0ACED727536C7600B38AE0 /* 14503_로봇 청소기.swift in Sources */ = {isa = PBXBuildFile; fileRef = 6C0ACED627536C7600B38AE0 /* 14503_로봇 청소기.swift */; };
		6C45D299278AFAC400936F8C /* 1003_피보나치 함수.swift in Sources */ = {isa = PBXBuildFile; fileRef = 6C45D298278AFAC400936F8C /* 1003_피보나치 함수.swift */; };
		6C58145D274FD5F80076488C /* 5086_배수와 약수.swift in Sources */ = {isa = PBXBuildFile; fileRef = 6C58145C274FD5F80076488C /* 5086_배수와 약수.swift */; };
		6C58145F274FD8600076488C /* 1032_명령 프롬포트.swift in Sources */ = {isa = PBXBuildFile; fileRef = 6C58145E274FD8600076488C /* 1032_명령 프롬포트.swift */; };
		6C581461274FDCBE0076488C /* 1550_16진수.swift in Sources */ = {isa = PBXBuildFile; fileRef = 6C581460274FDCBE0076488C /* 1550_16진수.swift */; };
		6C581463274FE1100076488C /* 1966_프린터큐.swift in Sources */ = {isa = PBXBuildFile; fileRef = 6C581462274FE1100076488C /* 1966_프린터큐.swift */; };
		6C581467274FE1480076488C /* 2577_숫자의 개수.swift in Sources */ = {isa = PBXBuildFile; fileRef = 6C581466274FE1480076488C /* 2577_숫자의 개수.swift */; };
		6C581469274FE1730076488C /* 14681_사분면 고르기.swift in Sources */ = {isa = PBXBuildFile; fileRef = 6C581468274FE1730076488C /* 14681_사분면 고르기.swift */; };
		6C58146B274FE18A0076488C /* 3052_나머지.swift in Sources */ = {isa = PBXBuildFile; fileRef = 6C58146A274FE18A0076488C /* 3052_나머지.swift */; };
		6C58146D274FE1A80076488C /* 4344_평균은 넘겠지.swift in Sources */ = {isa = PBXBuildFile; fileRef = 6C58146C274FE1A80076488C /* 4344_평균은 넘겠지.swift */; };
		6C58146F274FE1BC0076488C /* 10952_A+B.swift in Sources */ = {isa = PBXBuildFile; fileRef = 6C58146E274FE1BC0076488C /* 10952_A+B.swift */; };
		6C581471274FE1D50076488C /* 11021_A+B.swift in Sources */ = {isa = PBXBuildFile; fileRef = 6C581470274FE1D50076488C /* 11021_A+B.swift */; };
		6C581473274FE22A0076488C /* 1000_A+B.swift in Sources */ = {isa = PBXBuildFile; fileRef = 6C581472274FE22A0076488C /* 1000_A+B.swift */; };
		6C58147B274FE2910076488C /* 1008_A\B.swift in Sources */ = {isa = PBXBuildFile; fileRef = 6C58147A274FE2910076488C /* 1008_A\B.swift */; };
		6C58147D274FE2A10076488C /* 2438_별 찍기.swift in Sources */ = {isa = PBXBuildFile; fileRef = 6C58147C274FE2A10076488C /* 2438_별 찍기.swift */; };
		6C58147F274FE2B30076488C /* 2914_저작권.swift in Sources */ = {isa = PBXBuildFile; fileRef = 6C58147E274FE2B30076488C /* 2914_저작권.swift */; };
		6C581481274FE2C50076488C /* 5338_마이크로소프트 로고.swift in Sources */ = {isa = PBXBuildFile; fileRef = 6C581480274FE2C50076488C /* 5338_마이크로소프트 로고.swift */; };
		6C581483274FE2D60076488C /* 18870_좌표압축.swift in Sources */ = {isa = PBXBuildFile; fileRef = 6C581482274FE2D60076488C /* 18870_좌표압축.swift */; };
		6C581485274FE2E50076488C /* 10797_10부제.swift in Sources */ = {isa = PBXBuildFile; fileRef = 6C581484274FE2E50076488C /* 10797_10부제.swift */; };
		6C581487274FE2F10076488C /* 2920_음계.swift in Sources */ = {isa = PBXBuildFile; fileRef = 6C581486274FE2F10076488C /* 2920_음계.swift */; };
		6C581489274FE3030076488C /* 8958_OX퀴즈.swift in Sources */ = {isa = PBXBuildFile; fileRef = 6C581488274FE3030076488C /* 8958_OX퀴즈.swift */; };
		6C58148B274FE31E0076488C /* 11654_아스키코드.swift in Sources */ = {isa = PBXBuildFile; fileRef = 6C58148A274FE31E0076488C /* 11654_아스키코드.swift */; };
		6C58148D274FE32C0076488C /* 11720_숫자의 합.swift in Sources */ = {isa = PBXBuildFile; fileRef = 6C58148C274FE32C0076488C /* 11720_숫자의 합.swift */; };
		6C58148F274FE3410076488C /* 10718_We love kriii.swift in Sources */ = {isa = PBXBuildFile; fileRef = 6C58148E274FE3410076488C /* 10718_We love kriii.swift */; };
		6C581491274FE3520076488C /* 10998_AxB.swift in Sources */ = {isa = PBXBuildFile; fileRef = 6C581490274FE3520076488C /* 10998_AxB.swift */; };
		6C581493274FE35D0076488C /* 10869_사칙연산.swift in Sources */ = {isa = PBXBuildFile; fileRef = 6C581492274FE35D0076488C /* 10869_사칙연산.swift */; };
		6C581495274FE3680076488C /* 2739_구구단.swift in Sources */ = {isa = PBXBuildFile; fileRef = 6C581494274FE3680076488C /* 2739_구구단.swift */; };
		6C581497274FE3810076488C /* 9498_시험 성적.swift in Sources */ = {isa = PBXBuildFile; fileRef = 6C581496274FE3810076488C /* 9498_시험 성적.swift */; };
		6C581499274FE38F0076488C /* 10430_나머지.swift in Sources */ = {isa = PBXBuildFile; fileRef = 6C581498274FE38F0076488C /* 10430_나머지.swift */; };
		6C58149B274FE39F0076488C /* 2741_N 찍기.swift in Sources */ = {isa = PBXBuildFile; fileRef = 6C58149A274FE39F0076488C /* 2741_N 찍기.swift */; };
		6C58149D274FE3AC0076488C /* 10172_개.swift in Sources */ = {isa = PBXBuildFile; fileRef = 6C58149C274FE3AC0076488C /* 10172_개.swift */; };
		6C58149F274FE3BA0076488C /* 2439_별 찍기.swift in Sources */ = {isa = PBXBuildFile; fileRef = 6C58149E274FE3BA0076488C /* 2439_별 찍기.swift */; };
		6C5814A1274FE3CC0076488C /* 2742_기찍 N.swift in Sources */ = {isa = PBXBuildFile; fileRef = 6C5814A0274FE3CC0076488C /* 2742_기찍 N.swift */; };
		6C5814A3274FE3DC0076488C /* 8393_합.swift in Sources */ = {isa = PBXBuildFile; fileRef = 6C5814A2274FE3DC0076488C /* 8393_합.swift */; };
		6C5814A5274FE3EF0076488C /* 10171_고양이.swift in Sources */ = {isa = PBXBuildFile; fileRef = 6C5814A4274FE3EF0076488C /* 10171_고양이.swift */; };
		6C5814A7274FE4070076488C /* 1330_두 수 비교하기.swift in Sources */ = {isa = PBXBuildFile; fileRef = 6C5814A6274FE4070076488C /* 1330_두 수 비교하기.swift */; };
		6C5814A9274FE4180076488C /* 2753_윤년.swift in Sources */ = {isa = PBXBuildFile; fileRef = 6C5814A8274FE4180076488C /* 2753_윤년.swift */; };
		6C5814AB274FE42B0076488C /* 10871_X보다 작은 수.swift in Sources */ = {isa = PBXBuildFile; fileRef = 6C5814AA274FE42B0076488C /* 10871_X보다 작은 수.swift */; };
		6C5814AD274FE43A0076488C /* 10950_A+B.swift in Sources */ = {isa = PBXBuildFile; fileRef = 6C5814AC274FE43A0076488C /* 10950_A+B.swift */; };
		6C5814AF274FE4490076488C /* 1110_더하기 사이클.swift in Sources */ = {isa = PBXBuildFile; fileRef = 6C5814AE274FE4490076488C /* 1110_더하기 사이클.swift */; };
		6C5814B1274FE4590076488C /* 2884_알람 시계.swift in Sources */ = {isa = PBXBuildFile; fileRef = 6C5814B0274FE4590076488C /* 2884_알람 시계.swift */; };
		6C5814B3274FE4650076488C /* 11022_A+B.swift in Sources */ = {isa = PBXBuildFile; fileRef = 6C5814B2274FE4650076488C /* 11022_A+B.swift */; };
		6C5814B5274FE4830076488C /* 1065_한수.swift in Sources */ = {isa = PBXBuildFile; fileRef = 6C5814B4274FE4830076488C /* 1065_한수.swift */; };
		6C806BD2282BBF0300F7C9E0 /* 1920_수 찾기.swift in Sources */ = {isa = PBXBuildFile; fileRef = 6C806BD1282BBF0300F7C9E0 /* 1920_수 찾기.swift */; };
		6CA8E19A28A64B06009CD64D /* 10926_??!.swift in Sources */ = {isa = PBXBuildFile; fileRef = 6CA8E19928A64B06009CD64D /* 10926_??!.swift */; };
		6CB79BAC27854DD400A340EA /* 1009_분산처리.swift in Sources */ = {isa = PBXBuildFile; fileRef = 6CB79BAB27854DD400A340EA /* 1009_분산처리.swift */; };
		6CB79BAE27854E9800A340EA /* 1076_저항.swift in Sources */ = {isa = PBXBuildFile; fileRef = 6CB79BAD27854E9800A340EA /* 1076_저항.swift */; };
		6CB79BB027854EC800A340EA /* 1052_물병.swift in Sources */ = {isa = PBXBuildFile; fileRef = 6CB79BAF27854EC800A340EA /* 1052_물병.swift */; };
		6CB79BC027857DEB00A340EA /* 10757_큰수.swift in Sources */ = {isa = PBXBuildFile; fileRef = 6CB79BBF27857DEB00A340EA /* 10757_큰수.swift */; };
		6CBE31BE2876CDC00040539D /* 9095_1,2,3더하기.swift in Sources */ = {isa = PBXBuildFile; fileRef = 6CBE31BD2876CDC00040539D /* 9095_1,2,3더하기.swift */; };
		6CBE31C02876D61F0040539D /* 11726_2*n타일링.swift in Sources */ = {isa = PBXBuildFile; fileRef = 6CBE31BF2876D61F0040539D /* 11726_2*n타일링.swift */; };
		6CBE31C22876DC0D0040539D /* 1149_RGB거리.swift in Sources */ = {isa = PBXBuildFile; fileRef = 6CBE31C12876DC0D0040539D /* 1149_RGB거리.swift */; };
		6CBE31C42876E7EA0040539D /* 2579_계단 오르기.swift in Sources */ = {isa = PBXBuildFile; fileRef = 6CBE31C32876E7EA0040539D /* 2579_계단 오르기.swift */; };
		6CC36949277050CB00FB6D42 /* 1463_1로 만들기.swift in Sources */ = {isa = PBXBuildFile; fileRef = 6CC36948277050CB00FB6D42 /* 1463_1로 만들기.swift */; };
		6CE82CBD279AEB2500D8BBE7 /* 1181_단어 정렬.swift in Sources */ = {isa = PBXBuildFile; fileRef = 6CE82CBC279AEB2500D8BBE7 /* 1181_단어 정렬.swift */; };
		6CFD9CF1273508F9001E788B /* main.swift in Sources */ = {isa = PBXBuildFile; fileRef = 6CFD9CF0273508F9001E788B /* main.swift */; };
/* End PBXBuildFile section */

/* Begin PBXCopyFilesBuildPhase section */
		6CFD9CEB273508F9001E788B /* CopyFiles */ = {
			isa = PBXCopyFilesBuildPhase;
			buildActionMask = 2147483647;
			dstPath = /usr/share/man/man1/;
			dstSubfolderSpec = 0;
			files = (
			);
			runOnlyForDeploymentPostprocessing = 1;
		};
/* End PBXCopyFilesBuildPhase section */

/* Begin PBXFileReference section */
		6C00654C279BD0B600BA15BE /* 1436_영화감독 숌.swift */ = {isa = PBXFileReference; lastKnownFileType = sourcecode.swift; path = "1436_영화감독 숌.swift"; sourceTree = "<group>"; };
		6C00654E279BDE0F00BA15BE /* 1259_팰린드롬수.swift */ = {isa = PBXFileReference; lastKnownFileType = sourcecode.swift; path = "1259_팰린드롬수.swift"; sourceTree = "<group>"; };
		6C0ACED42753512F00B38AE0 /* 11050_이항 계수 1.swift */ = {isa = PBXFileReference; lastKnownFileType = sourcecode.swift; path = "11050_이항 계수 1.swift"; sourceTree = "<group>"; };
		6C0ACED627536C7600B38AE0 /* 14503_로봇 청소기.swift */ = {isa = PBXFileReference; lastKnownFileType = sourcecode.swift; path = "14503_로봇 청소기.swift"; sourceTree = "<group>"; };
		6C45D298278AFAC400936F8C /* 1003_피보나치 함수.swift */ = {isa = PBXFileReference; lastKnownFileType = sourcecode.swift; path = "1003_피보나치 함수.swift"; sourceTree = "<group>"; };
		6C58145C274FD5F80076488C /* 5086_배수와 약수.swift */ = {isa = PBXFileReference; lastKnownFileType = sourcecode.swift; path = "5086_배수와 약수.swift"; sourceTree = "<group>"; };
		6C58145E274FD8600076488C /* 1032_명령 프롬포트.swift */ = {isa = PBXFileReference; lastKnownFileType = sourcecode.swift; path = "1032_명령 프롬포트.swift"; sourceTree = "<group>"; };
		6C581460274FDCBE0076488C /* 1550_16진수.swift */ = {isa = PBXFileReference; lastKnownFileType = sourcecode.swift; path = "1550_16진수.swift"; sourceTree = "<group>"; };
		6C581462274FE1100076488C /* 1966_프린터큐.swift */ = {isa = PBXFileReference; lastKnownFileType = sourcecode.swift; path = "1966_프린터큐.swift"; sourceTree = "<group>"; };
		6C581466274FE1480076488C /* 2577_숫자의 개수.swift */ = {isa = PBXFileReference; lastKnownFileType = sourcecode.swift; path = "2577_숫자의 개수.swift"; sourceTree = "<group>"; };
		6C581468274FE1730076488C /* 14681_사분면 고르기.swift */ = {isa = PBXFileReference; lastKnownFileType = sourcecode.swift; path = "14681_사분면 고르기.swift"; sourceTree = "<group>"; };
		6C58146A274FE18A0076488C /* 3052_나머지.swift */ = {isa = PBXFileReference; lastKnownFileType = sourcecode.swift; path = "3052_나머지.swift"; sourceTree = "<group>"; };
		6C58146C274FE1A80076488C /* 4344_평균은 넘겠지.swift */ = {isa = PBXFileReference; lastKnownFileType = sourcecode.swift; path = "4344_평균은 넘겠지.swift"; sourceTree = "<group>"; };
		6C58146E274FE1BC0076488C /* 10952_A+B.swift */ = {isa = PBXFileReference; lastKnownFileType = sourcecode.swift; path = "10952_A+B.swift"; sourceTree = "<group>"; };
		6C581470274FE1D50076488C /* 11021_A+B.swift */ = {isa = PBXFileReference; lastKnownFileType = sourcecode.swift; path = "11021_A+B.swift"; sourceTree = "<group>"; };
		6C581472274FE22A0076488C /* 1000_A+B.swift */ = {isa = PBXFileReference; lastKnownFileType = sourcecode.swift; path = "1000_A+B.swift"; sourceTree = "<group>"; };
		6C58147A274FE2910076488C /* 1008_A\B.swift */ = {isa = PBXFileReference; lastKnownFileType = sourcecode.swift; path = "1008_A\\B.swift"; sourceTree = "<group>"; };
		6C58147C274FE2A10076488C /* 2438_별 찍기.swift */ = {isa = PBXFileReference; lastKnownFileType = sourcecode.swift; path = "2438_별 찍기.swift"; sourceTree = "<group>"; };
		6C58147E274FE2B30076488C /* 2914_저작권.swift */ = {isa = PBXFileReference; lastKnownFileType = sourcecode.swift; path = "2914_저작권.swift"; sourceTree = "<group>"; };
		6C581480274FE2C50076488C /* 5338_마이크로소프트 로고.swift */ = {isa = PBXFileReference; lastKnownFileType = sourcecode.swift; path = "5338_마이크로소프트 로고.swift"; sourceTree = "<group>"; };
		6C581482274FE2D60076488C /* 18870_좌표압축.swift */ = {isa = PBXFileReference; lastKnownFileType = sourcecode.swift; path = "18870_좌표압축.swift"; sourceTree = "<group>"; };
		6C581484274FE2E50076488C /* 10797_10부제.swift */ = {isa = PBXFileReference; lastKnownFileType = sourcecode.swift; path = "10797_10부제.swift"; sourceTree = "<group>"; };
		6C581486274FE2F10076488C /* 2920_음계.swift */ = {isa = PBXFileReference; lastKnownFileType = sourcecode.swift; path = "2920_음계.swift"; sourceTree = "<group>"; };
		6C581488274FE3030076488C /* 8958_OX퀴즈.swift */ = {isa = PBXFileReference; lastKnownFileType = sourcecode.swift; path = "8958_OX퀴즈.swift"; sourceTree = "<group>"; };
		6C58148A274FE31E0076488C /* 11654_아스키코드.swift */ = {isa = PBXFileReference; lastKnownFileType = sourcecode.swift; path = "11654_아스키코드.swift"; sourceTree = "<group>"; };
		6C58148C274FE32C0076488C /* 11720_숫자의 합.swift */ = {isa = PBXFileReference; lastKnownFileType = sourcecode.swift; path = "11720_숫자의 합.swift"; sourceTree = "<group>"; };
		6C58148E274FE3410076488C /* 10718_We love kriii.swift */ = {isa = PBXFileReference; lastKnownFileType = sourcecode.swift; path = "10718_We love kriii.swift"; sourceTree = "<group>"; };
		6C581490274FE3520076488C /* 10998_AxB.swift */ = {isa = PBXFileReference; lastKnownFileType = sourcecode.swift; path = 10998_AxB.swift; sourceTree = "<group>"; };
		6C581492274FE35D0076488C /* 10869_사칙연산.swift */ = {isa = PBXFileReference; lastKnownFileType = sourcecode.swift; path = "10869_사칙연산.swift"; sourceTree = "<group>"; };
		6C581494274FE3680076488C /* 2739_구구단.swift */ = {isa = PBXFileReference; lastKnownFileType = sourcecode.swift; path = "2739_구구단.swift"; sourceTree = "<group>"; };
		6C581496274FE3810076488C /* 9498_시험 성적.swift */ = {isa = PBXFileReference; lastKnownFileType = sourcecode.swift; path = "9498_시험 성적.swift"; sourceTree = "<group>"; };
		6C581498274FE38F0076488C /* 10430_나머지.swift */ = {isa = PBXFileReference; lastKnownFileType = sourcecode.swift; path = "10430_나머지.swift"; sourceTree = "<group>"; };
		6C58149A274FE39F0076488C /* 2741_N 찍기.swift */ = {isa = PBXFileReference; lastKnownFileType = sourcecode.swift; path = "2741_N 찍기.swift"; sourceTree = "<group>"; };
		6C58149C274FE3AC0076488C /* 10172_개.swift */ = {isa = PBXFileReference; lastKnownFileType = sourcecode.swift; path = "10172_개.swift"; sourceTree = "<group>"; };
		6C58149E274FE3BA0076488C /* 2439_별 찍기.swift */ = {isa = PBXFileReference; lastKnownFileType = sourcecode.swift; path = "2439_별 찍기.swift"; sourceTree = "<group>"; };
		6C5814A0274FE3CC0076488C /* 2742_기찍 N.swift */ = {isa = PBXFileReference; lastKnownFileType = sourcecode.swift; path = "2742_기찍 N.swift"; sourceTree = "<group>"; };
		6C5814A2274FE3DC0076488C /* 8393_합.swift */ = {isa = PBXFileReference; lastKnownFileType = sourcecode.swift; path = "8393_합.swift"; sourceTree = "<group>"; };
		6C5814A4274FE3EF0076488C /* 10171_고양이.swift */ = {isa = PBXFileReference; lastKnownFileType = sourcecode.swift; path = "10171_고양이.swift"; sourceTree = "<group>"; };
		6C5814A6274FE4070076488C /* 1330_두 수 비교하기.swift */ = {isa = PBXFileReference; lastKnownFileType = sourcecode.swift; path = "1330_두 수 비교하기.swift"; sourceTree = "<group>"; };
		6C5814A8274FE4180076488C /* 2753_윤년.swift */ = {isa = PBXFileReference; lastKnownFileType = sourcecode.swift; path = "2753_윤년.swift"; sourceTree = "<group>"; };
		6C5814AA274FE42B0076488C /* 10871_X보다 작은 수.swift */ = {isa = PBXFileReference; lastKnownFileType = sourcecode.swift; path = "10871_X보다 작은 수.swift"; sourceTree = "<group>"; };
		6C5814AC274FE43A0076488C /* 10950_A+B.swift */ = {isa = PBXFileReference; lastKnownFileType = sourcecode.swift; path = "10950_A+B.swift"; sourceTree = "<group>"; };
		6C5814AE274FE4490076488C /* 1110_더하기 사이클.swift */ = {isa = PBXFileReference; lastKnownFileType = sourcecode.swift; path = "1110_더하기 사이클.swift"; sourceTree = "<group>"; };
		6C5814B0274FE4590076488C /* 2884_알람 시계.swift */ = {isa = PBXFileReference; lastKnownFileType = sourcecode.swift; path = "2884_알람 시계.swift"; sourceTree = "<group>"; };
		6C5814B2274FE4650076488C /* 11022_A+B.swift */ = {isa = PBXFileReference; lastKnownFileType = sourcecode.swift; path = "11022_A+B.swift"; sourceTree = "<group>"; };
		6C5814B4274FE4830076488C /* 1065_한수.swift */ = {isa = PBXFileReference; lastKnownFileType = sourcecode.swift; path = "1065_한수.swift"; sourceTree = "<group>"; };
		6C806BD1282BBF0300F7C9E0 /* 1920_수 찾기.swift */ = {isa = PBXFileReference; lastKnownFileType = sourcecode.swift; path = "1920_수 찾기.swift"; sourceTree = "<group>"; };
		6CA8E19928A64B06009CD64D /* 10926_??!.swift */ = {isa = PBXFileReference; lastKnownFileType = sourcecode.swift; path = "10926_??!.swift"; sourceTree = "<group>"; };
		6CB79BAB27854DD400A340EA /* 1009_분산처리.swift */ = {isa = PBXFileReference; lastKnownFileType = sourcecode.swift; path = "1009_분산처리.swift"; sourceTree = "<group>"; };
		6CB79BAD27854E9800A340EA /* 1076_저항.swift */ = {isa = PBXFileReference; lastKnownFileType = sourcecode.swift; path = "1076_저항.swift"; sourceTree = "<group>"; };
		6CB79BAF27854EC800A340EA /* 1052_물병.swift */ = {isa = PBXFileReference; lastKnownFileType = sourcecode.swift; path = "1052_물병.swift"; sourceTree = "<group>"; };
		6CB79BBF27857DEB00A340EA /* 10757_큰수.swift */ = {isa = PBXFileReference; lastKnownFileType = sourcecode.swift; path = "10757_큰수.swift"; sourceTree = "<group>"; };
		6CBE31BD2876CDC00040539D /* 9095_1,2,3더하기.swift */ = {isa = PBXFileReference; lastKnownFileType = sourcecode.swift; path = "9095_1,2,3더하기.swift"; sourceTree = "<group>"; };
		6CBE31BF2876D61F0040539D /* 11726_2*n타일링.swift */ = {isa = PBXFileReference; lastKnownFileType = sourcecode.swift; path = "11726_2*n타일링.swift"; sourceTree = "<group>"; };
		6CBE31C12876DC0D0040539D /* 1149_RGB거리.swift */ = {isa = PBXFileReference; lastKnownFileType = sourcecode.swift; path = "1149_RGB거리.swift"; sourceTree = "<group>"; };
		6CBE31C32876E7EA0040539D /* 2579_계단 오르기.swift */ = {isa = PBXFileReference; lastKnownFileType = sourcecode.swift; path = "2579_계단 오르기.swift"; sourceTree = "<group>"; };
		6CC36948277050CB00FB6D42 /* 1463_1로 만들기.swift */ = {isa = PBXFileReference; lastKnownFileType = sourcecode.swift; path = "1463_1로 만들기.swift"; sourceTree = "<group>"; };
		6CE82CBC279AEB2500D8BBE7 /* 1181_단어 정렬.swift */ = {isa = PBXFileReference; lastKnownFileType = sourcecode.swift; path = "1181_단어 정렬.swift"; sourceTree = "<group>"; };
		6CFD9CED273508F9001E788B /* baekjoonAlgorithm */ = {isa = PBXFileReference; explicitFileType = "compiled.mach-o.executable"; includeInIndex = 0; path = baekjoonAlgorithm; sourceTree = BUILT_PRODUCTS_DIR; };
		6CFD9CF0273508F9001E788B /* main.swift */ = {isa = PBXFileReference; lastKnownFileType = sourcecode.swift; path = main.swift; sourceTree = "<group>"; };
/* End PBXFileReference section */

/* Begin PBXFrameworksBuildPhase section */
		6CFD9CEA273508F9001E788B /* Frameworks */ = {
			isa = PBXFrameworksBuildPhase;
			buildActionMask = 2147483647;
			files = (
			);
			runOnlyForDeploymentPostprocessing = 0;
		};
/* End PBXFrameworksBuildPhase section */

/* Begin PBXGroup section */
		6CFD9CE4273508F9001E788B = {
			isa = PBXGroup;
			children = (
				6CFD9CEF273508F9001E788B /* baekjoonAlgorithm */,
				6CFD9CEE273508F9001E788B /* Products */,
			);
			sourceTree = "<group>";
		};
		6CFD9CEE273508F9001E788B /* Products */ = {
			isa = PBXGroup;
			children = (
				6CFD9CED273508F9001E788B /* baekjoonAlgorithm */,
			);
			name = Products;
			sourceTree = "<group>";
		};
		6CFD9CEF273508F9001E788B /* baekjoonAlgorithm */ = {
			isa = PBXGroup;
			children = (
				6CFD9CF0273508F9001E788B /* main.swift */,
				6C806BD1282BBF0300F7C9E0 /* 1920_수 찾기.swift */,
				6CA8E19928A64B06009CD64D /* 10926_??!.swift */,
				6CE82CBC279AEB2500D8BBE7 /* 1181_단어 정렬.swift */,
				6C00654C279BD0B600BA15BE /* 1436_영화감독 숌.swift */,
				6C00654E279BDE0F00BA15BE /* 1259_팰린드롬수.swift */,
				6CBE31C12876DC0D0040539D /* 1149_RGB거리.swift */,
				6CBE31C32876E7EA0040539D /* 2579_계단 오르기.swift */,
				6C581462274FE1100076488C /* 1966_프린터큐.swift */,
				6C581466274FE1480076488C /* 2577_숫자의 개수.swift */,
				6CBE31BF2876D61F0040539D /* 11726_2*n타일링.swift */,
				6C581468274FE1730076488C /* 14681_사분면 고르기.swift */,
				6C58146A274FE18A0076488C /* 3052_나머지.swift */,
				6C58146C274FE1A80076488C /* 4344_평균은 넘겠지.swift */,
				6C58146E274FE1BC0076488C /* 10952_A+B.swift */,
				6C581470274FE1D50076488C /* 11021_A+B.swift */,
				6C581472274FE22A0076488C /* 1000_A+B.swift */,
				6C58147A274FE2910076488C /* 1008_A\B.swift */,
				6C58147C274FE2A10076488C /* 2438_별 찍기.swift */,
				6C58147E274FE2B30076488C /* 2914_저작권.swift */,
				6C581480274FE2C50076488C /* 5338_마이크로소프트 로고.swift */,
				6CB79BAD27854E9800A340EA /* 1076_저항.swift */,
				6C58145C274FD5F80076488C /* 5086_배수와 약수.swift */,
				6C58145E274FD8600076488C /* 1032_명령 프롬포트.swift */,
				6C581460274FDCBE0076488C /* 1550_16진수.swift */,
				6C581482274FE2D60076488C /* 18870_좌표압축.swift */,
				6C581484274FE2E50076488C /* 10797_10부제.swift */,
				6C0ACED627536C7600B38AE0 /* 14503_로봇 청소기.swift */,
				6CB79BAF27854EC800A340EA /* 1052_물병.swift */,
				6CB79BBF27857DEB00A340EA /* 10757_큰수.swift */,
				6CC36948277050CB00FB6D42 /* 1463_1로 만들기.swift */,
				6C45D298278AFAC400936F8C /* 1003_피보나치 함수.swift */,
				6CB79BAB27854DD400A340EA /* 1009_분산처리.swift */,
				6C581486274FE2F10076488C /* 2920_음계.swift */,
				6C581488274FE3030076488C /* 8958_OX퀴즈.swift */,
				6C58148A274FE31E0076488C /* 11654_아스키코드.swift */,
				6C58148C274FE32C0076488C /* 11720_숫자의 합.swift */,
				6C58148E274FE3410076488C /* 10718_We love kriii.swift */,
				6C0ACED42753512F00B38AE0 /* 11050_이항 계수 1.swift */,
				6C581490274FE3520076488C /* 10998_AxB.swift */,
				6C581492274FE35D0076488C /* 10869_사칙연산.swift */,
				6CBE31BD2876CDC00040539D /* 9095_1,2,3더하기.swift */,
				6C581494274FE3680076488C /* 2739_구구단.swift */,
				6C581496274FE3810076488C /* 9498_시험 성적.swift */,
				6C581498274FE38F0076488C /* 10430_나머지.swift */,
				6C58149A274FE39F0076488C /* 2741_N 찍기.swift */,
				6C58149C274FE3AC0076488C /* 10172_개.swift */,
				6C58149E274FE3BA0076488C /* 2439_별 찍기.swift */,
				6C5814A0274FE3CC0076488C /* 2742_기찍 N.swift */,
				6C5814A2274FE3DC0076488C /* 8393_합.swift */,
				6C5814A4274FE3EF0076488C /* 10171_고양이.swift */,
				6C5814A6274FE4070076488C /* 1330_두 수 비교하기.swift */,
				6C5814A8274FE4180076488C /* 2753_윤년.swift */,
				6C5814AA274FE42B0076488C /* 10871_X보다 작은 수.swift */,
				6C5814AC274FE43A0076488C /* 10950_A+B.swift */,
				6C5814AE274FE4490076488C /* 1110_더하기 사이클.swift */,
				6C5814B0274FE4590076488C /* 2884_알람 시계.swift */,
				6C5814B2274FE4650076488C /* 11022_A+B.swift */,
				6C5814B4274FE4830076488C /* 1065_한수.swift */,
			);
			path = baekjoonAlgorithm;
			sourceTree = "<group>";
		};
/* End PBXGroup section */

/* Begin PBXNativeTarget section */
		6CFD9CEC273508F9001E788B /* baekjoonAlgorithm */ = {
			isa = PBXNativeTarget;
			buildConfigurationList = 6CFD9CF4273508F9001E788B /* Build configuration list for PBXNativeTarget "baekjoonAlgorithm" */;
			buildPhases = (
				6CFD9CE9273508F9001E788B /* Sources */,
				6CFD9CEA273508F9001E788B /* Frameworks */,
				6CFD9CEB273508F9001E788B /* CopyFiles */,
			);
			buildRules = (
			);
			dependencies = (
			);
			name = baekjoonAlgorithm;
			productName = baekjoonAlgorithm;
			productReference = 6CFD9CED273508F9001E788B /* baekjoonAlgorithm */;
			productType = "com.apple.product-type.tool";
		};
/* End PBXNativeTarget section */

/* Begin PBXProject section */
		6CFD9CE5273508F9001E788B /* Project object */ = {
			isa = PBXProject;
			attributes = {
				BuildIndependentTargetsInParallel = 1;
				LastSwiftUpdateCheck = 1310;
				LastUpgradeCheck = 1310;
				TargetAttributes = {
					6CFD9CEC273508F9001E788B = {
						CreatedOnToolsVersion = 13.1;
					};
				};
			};
			buildConfigurationList = 6CFD9CE8273508F9001E788B /* Build configuration list for PBXProject "baekjoonAlgorithm" */;
			compatibilityVersion = "Xcode 13.0";
			developmentRegion = en;
			hasScannedForEncodings = 0;
			knownRegions = (
				en,
				Base,
			);
			mainGroup = 6CFD9CE4273508F9001E788B;
			productRefGroup = 6CFD9CEE273508F9001E788B /* Products */;
			projectDirPath = "";
			projectRoot = "";
			targets = (
				6CFD9CEC273508F9001E788B /* baekjoonAlgorithm */,
			);
		};
/* End PBXProject section */

/* Begin PBXSourcesBuildPhase section */
		6CFD9CE9273508F9001E788B /* Sources */ = {
			isa = PBXSourcesBuildPhase;
			buildActionMask = 2147483647;
			files = (
				6CB79BB027854EC800A340EA /* 1052_물병.swift in Sources */,
				6C581483274FE2D60076488C /* 18870_좌표압축.swift in Sources */,
				6C58146B274FE18A0076488C /* 3052_나머지.swift in Sources */,
				6CBE31C22876DC0D0040539D /* 1149_RGB거리.swift in Sources */,
				6C581489274FE3030076488C /* 8958_OX퀴즈.swift in Sources */,
				6CFD9CF1273508F9001E788B /* main.swift in Sources */,
				6C5814A7274FE4070076488C /* 1330_두 수 비교하기.swift in Sources */,
				6C581493274FE35D0076488C /* 10869_사칙연산.swift in Sources */,
				6C5814AD274FE43A0076488C /* 10950_A+B.swift in Sources */,
				6CBE31BE2876CDC00040539D /* 9095_1,2,3더하기.swift in Sources */,
				6C581485274FE2E50076488C /* 10797_10부제.swift in Sources */,
				6C58147D274FE2A10076488C /* 2438_별 찍기.swift in Sources */,
				6C581481274FE2C50076488C /* 5338_마이크로소프트 로고.swift in Sources */,
				6C58149F274FE3BA0076488C /* 2439_별 찍기.swift in Sources */,
				6C58145F274FD8600076488C /* 1032_명령 프롬포트.swift in Sources */,
				6C581499274FE38F0076488C /* 10430_나머지.swift in Sources */,
				6C581473274FE22A0076488C /* 1000_A+B.swift in Sources */,
				6C581497274FE3810076488C /* 9498_시험 성적.swift in Sources */,
				6CB79BAC27854DD400A340EA /* 1009_분산처리.swift in Sources */,
				6C5814A5274FE3EF0076488C /* 10171_고양이.swift in Sources */,
				6C5814AB274FE42B0076488C /* 10871_X보다 작은 수.swift in Sources */,
				6C581495274FE3680076488C /* 2739_구구단.swift in Sources */,
				6C5814A3274FE3DC0076488C /* 8393_합.swift in Sources */,
				6C5814B3274FE4650076488C /* 11022_A+B.swift in Sources */,
				6C58148B274FE31E0076488C /* 11654_아스키코드.swift in Sources */,
				6C5814AF274FE4490076488C /* 1110_더하기 사이클.swift in Sources */,
				6C58147F274FE2B30076488C /* 2914_저작권.swift in Sources */,
				6C00654F279BDE0F00BA15BE /* 1259_팰린드롬수.swift in Sources */,
				6C58145D274FD5F80076488C /* 5086_배수와 약수.swift in Sources */,
				6C58147B274FE2910076488C /* 1008_A\B.swift in Sources */,
				6CB79BC027857DEB00A340EA /* 10757_큰수.swift in Sources */,
				6C58146F274FE1BC0076488C /* 10952_A+B.swift in Sources */,
				6C5814A1274FE3CC0076488C /* 2742_기찍 N.swift in Sources */,
				6C58149D274FE3AC0076488C /* 10172_개.swift in Sources */,
				6C58148F274FE3410076488C /* 10718_We love kriii.swift in Sources */,
				6C58149B274FE39F0076488C /* 2741_N 찍기.swift in Sources */,
				6C581487274FE2F10076488C /* 2920_음계.swift in Sources */,
				6C45D299278AFAC400936F8C /* 1003_피보나치 함수.swift in Sources */,
				6CA8E19A28A64B06009CD64D /* 10926_??!.swift in Sources */,
				6C5814A9274FE4180076488C /* 2753_윤년.swift in Sources */,
				6CB79BAE27854E9800A340EA /* 1076_저항.swift in Sources */,
				6C58146D274FE1A80076488C /* 4344_평균은 넘겠지.swift in Sources */,
				6C581461274FDCBE0076488C /* 1550_16진수.swift in Sources */,
				6C0ACED727536C7600B38AE0 /* 14503_로봇 청소기.swift in Sources */,
				6CBE31C02876D61F0040539D /* 11726_2*n타일링.swift in Sources */,
				6C806BD2282BBF0300F7C9E0 /* 1920_수 찾기.swift in Sources */,
				6CC36949277050CB00FB6D42 /* 1463_1로 만들기.swift in Sources */,
				6C00654D279BD0B600BA15BE /* 1436_영화감독 숌.swift in Sources */,
				6C0ACED52753512F00B38AE0 /* 11050_이항 계수 1.swift in Sources */,
				6C5814B1274FE4590076488C /* 2884_알람 시계.swift in Sources */,
				6C581463274FE1100076488C /* 1966_프린터큐.swift in Sources */,
				6C581469274FE1730076488C /* 14681_사분면 고르기.swift in Sources */,
				6C58148D274FE32C0076488C /* 11720_숫자의 합.swift in Sources */,
				6CBE31C42876E7EA0040539D /* 2579_계단 오르기.swift in Sources */,
				6C581471274FE1D50076488C /* 11021_A+B.swift in Sources */,
				6C581467274FE1480076488C /* 2577_숫자의 개수.swift in Sources */,
				6C581491274FE3520076488C /* 10998_AxB.swift in Sources */,
				6C5814B5274FE4830076488C /* 1065_한수.swift in Sources */,
				6CE82CBD279AEB2500D8BBE7 /* 1181_단어 정렬.swift in Sources */,
			);
			runOnlyForDeploymentPostprocessing = 0;
		};
/* End PBXSourcesBuildPhase section */

/* Begin XCBuildConfiguration section */
		6CFD9CF2273508F9001E788B /* Debug */ = {
			isa = XCBuildConfiguration;
			buildSettings = {
				ALWAYS_SEARCH_USER_PATHS = NO;
				CLANG_ANALYZER_NONNULL = YES;
				CLANG_ANALYZER_NUMBER_OBJECT_CONVERSION = YES_AGGRESSIVE;
				CLANG_CXX_LANGUAGE_STANDARD = "gnu++17";
				CLANG_CXX_LIBRARY = "libc++";
				CLANG_ENABLE_MODULES = YES;
				CLANG_ENABLE_OBJC_ARC = YES;
				CLANG_ENABLE_OBJC_WEAK = YES;
				CLANG_WARN_BLOCK_CAPTURE_AUTORELEASING = YES;
				CLANG_WARN_BOOL_CONVERSION = YES;
				CLANG_WARN_COMMA = YES;
				CLANG_WARN_CONSTANT_CONVERSION = YES;
				CLANG_WARN_DEPRECATED_OBJC_IMPLEMENTATIONS = YES;
				CLANG_WARN_DIRECT_OBJC_ISA_USAGE = YES_ERROR;
				CLANG_WARN_DOCUMENTATION_COMMENTS = YES;
				CLANG_WARN_EMPTY_BODY = YES;
				CLANG_WARN_ENUM_CONVERSION = YES;
				CLANG_WARN_INFINITE_RECURSION = YES;
				CLANG_WARN_INT_CONVERSION = YES;
				CLANG_WARN_NON_LITERAL_NULL_CONVERSION = YES;
				CLANG_WARN_OBJC_IMPLICIT_RETAIN_SELF = YES;
				CLANG_WARN_OBJC_LITERAL_CONVERSION = YES;
				CLANG_WARN_OBJC_ROOT_CLASS = YES_ERROR;
				CLANG_WARN_QUOTED_INCLUDE_IN_FRAMEWORK_HEADER = YES;
				CLANG_WARN_RANGE_LOOP_ANALYSIS = YES;
				CLANG_WARN_STRICT_PROTOTYPES = YES;
				CLANG_WARN_SUSPICIOUS_MOVE = YES;
				CLANG_WARN_UNGUARDED_AVAILABILITY = YES_AGGRESSIVE;
				CLANG_WARN_UNREACHABLE_CODE = YES;
				CLANG_WARN__DUPLICATE_METHOD_MATCH = YES;
				COPY_PHASE_STRIP = NO;
				DEBUG_INFORMATION_FORMAT = dwarf;
				ENABLE_STRICT_OBJC_MSGSEND = YES;
				ENABLE_TESTABILITY = YES;
				GCC_C_LANGUAGE_STANDARD = gnu11;
				GCC_DYNAMIC_NO_PIC = NO;
				GCC_NO_COMMON_BLOCKS = YES;
				GCC_OPTIMIZATION_LEVEL = 0;
				GCC_PREPROCESSOR_DEFINITIONS = (
					"DEBUG=1",
					"$(inherited)",
				);
				GCC_WARN_64_TO_32_BIT_CONVERSION = YES;
				GCC_WARN_ABOUT_RETURN_TYPE = YES_ERROR;
				GCC_WARN_UNDECLARED_SELECTOR = YES;
				GCC_WARN_UNINITIALIZED_AUTOS = YES_AGGRESSIVE;
				GCC_WARN_UNUSED_FUNCTION = YES;
				GCC_WARN_UNUSED_VARIABLE = YES;
				MACOSX_DEPLOYMENT_TARGET = 12.0;
				MTL_ENABLE_DEBUG_INFO = INCLUDE_SOURCE;
				MTL_FAST_MATH = YES;
				ONLY_ACTIVE_ARCH = YES;
				SDKROOT = macosx;
				SWIFT_ACTIVE_COMPILATION_CONDITIONS = DEBUG;
				SWIFT_OPTIMIZATION_LEVEL = "-Onone";
			};
			name = Debug;
		};
		6CFD9CF3273508F9001E788B /* Release */ = {
			isa = XCBuildConfiguration;
			buildSettings = {
				ALWAYS_SEARCH_USER_PATHS = NO;
				CLANG_ANALYZER_NONNULL = YES;
				CLANG_ANALYZER_NUMBER_OBJECT_CONVERSION = YES_AGGRESSIVE;
				CLANG_CXX_LANGUAGE_STANDARD = "gnu++17";
				CLANG_CXX_LIBRARY = "libc++";
				CLANG_ENABLE_MODULES = YES;
				CLANG_ENABLE_OBJC_ARC = YES;
				CLANG_ENABLE_OBJC_WEAK = YES;
				CLANG_WARN_BLOCK_CAPTURE_AUTORELEASING = YES;
				CLANG_WARN_BOOL_CONVERSION = YES;
				CLANG_WARN_COMMA = YES;
				CLANG_WARN_CONSTANT_CONVERSION = YES;
				CLANG_WARN_DEPRECATED_OBJC_IMPLEMENTATIONS = YES;
				CLANG_WARN_DIRECT_OBJC_ISA_USAGE = YES_ERROR;
				CLANG_WARN_DOCUMENTATION_COMMENTS = YES;
				CLANG_WARN_EMPTY_BODY = YES;
				CLANG_WARN_ENUM_CONVERSION = YES;
				CLANG_WARN_INFINITE_RECURSION = YES;
				CLANG_WARN_INT_CONVERSION = YES;
				CLANG_WARN_NON_LITERAL_NULL_CONVERSION = YES;
				CLANG_WARN_OBJC_IMPLICIT_RETAIN_SELF = YES;
				CLANG_WARN_OBJC_LITERAL_CONVERSION = YES;
				CLANG_WARN_OBJC_ROOT_CLASS = YES_ERROR;
				CLANG_WARN_QUOTED_INCLUDE_IN_FRAMEWORK_HEADER = YES;
				CLANG_WARN_RANGE_LOOP_ANALYSIS = YES;
				CLANG_WARN_STRICT_PROTOTYPES = YES;
				CLANG_WARN_SUSPICIOUS_MOVE = YES;
				CLANG_WARN_UNGUARDED_AVAILABILITY = YES_AGGRESSIVE;
				CLANG_WARN_UNREACHABLE_CODE = YES;
				CLANG_WARN__DUPLICATE_METHOD_MATCH = YES;
				COPY_PHASE_STRIP = NO;
				DEBUG_INFORMATION_FORMAT = "dwarf-with-dsym";
				ENABLE_NS_ASSERTIONS = NO;
				ENABLE_STRICT_OBJC_MSGSEND = YES;
				GCC_C_LANGUAGE_STANDARD = gnu11;
				GCC_NO_COMMON_BLOCKS = YES;
				GCC_WARN_64_TO_32_BIT_CONVERSION = YES;
				GCC_WARN_ABOUT_RETURN_TYPE = YES_ERROR;
				GCC_WARN_UNDECLARED_SELECTOR = YES;
				GCC_WARN_UNINITIALIZED_AUTOS = YES_AGGRESSIVE;
				GCC_WARN_UNUSED_FUNCTION = YES;
				GCC_WARN_UNUSED_VARIABLE = YES;
				MACOSX_DEPLOYMENT_TARGET = 12.0;
				MTL_ENABLE_DEBUG_INFO = NO;
				MTL_FAST_MATH = YES;
				SDKROOT = macosx;
				SWIFT_COMPILATION_MODE = wholemodule;
				SWIFT_OPTIMIZATION_LEVEL = "-O";
			};
			name = Release;
		};
		6CFD9CF5273508F9001E788B /* Debug */ = {
			isa = XCBuildConfiguration;
			buildSettings = {
				CODE_SIGN_STYLE = Automatic;
				PRODUCT_NAME = "$(TARGET_NAME)";
				SWIFT_VERSION = 5.0;
			};
			name = Debug;
		};
		6CFD9CF6273508F9001E788B /* Release */ = {
			isa = XCBuildConfiguration;
			buildSettings = {
				CODE_SIGN_STYLE = Automatic;
				PRODUCT_NAME = "$(TARGET_NAME)";
				SWIFT_VERSION = 5.0;
			};
			name = Release;
		};
/* End XCBuildConfiguration section */

/* Begin XCConfigurationList section */
		6CFD9CE8273508F9001E788B /* Build configuration list for PBXProject "baekjoonAlgorithm" */ = {
			isa = XCConfigurationList;
			buildConfigurations = (
				6CFD9CF2273508F9001E788B /* Debug */,
				6CFD9CF3273508F9001E788B /* Release */,
			);
			defaultConfigurationIsVisible = 0;
			defaultConfigurationName = Release;
		};
		6CFD9CF4273508F9001E788B /* Build configuration list for PBXNativeTarget "baekjoonAlgorithm" */ = {
			isa = XCConfigurationList;
			buildConfigurations = (
				6CFD9CF5273508F9001E788B /* Debug */,
				6CFD9CF6273508F9001E788B /* Release */,
			);
			defaultConfigurationIsVisible = 0;
			defaultConfigurationName = Release;
		};
/* End XCConfigurationList section */
	};
	rootObject = 6CFD9CE5273508F9001E788B /* Project object */;
}
