// !$*UTF8*$!
{
	archiveVersion = 1;
	classes = {
	};
	objectVersion = 55;
	objects = {

/* Begin PBXBuildFile section */
		6CFD9CF1273508F9001E788B /* main.swift in Sources */ = {isa = PBXBuildFile; fileRef = 6CFD9CF0273508F9001E788B /* main.swift */; };
		6CFD9D0427350CA3001E788B /* A+B_1000.swift in Sources */ = {isa = PBXBuildFile; fileRef = 6CFD9D0327350CA3001E788B /* A+B_1000.swift */; };
		6CFD9D0827350CEB001E788B /* A\B_1008.swift in Sources */ = {isa = PBXBuildFile; fileRef = 6CFD9D0727350CEB001E788B /* A\B_1008.swift */; };
		6CFD9D0A27350D18001E788B /* 별 찍기_2438.swift in Sources */ = {isa = PBXBuildFile; fileRef = 6CFD9D0927350D18001E788B /* 별 찍기_2438.swift */; };
		6CFD9D0C27350D3F001E788B /* 음계_2920.swift in Sources */ = {isa = PBXBuildFile; fileRef = 6CFD9D0B27350D3F001E788B /* 음계_2920.swift */; };
		6CFD9D0E27350D64001E788B /* OX퀴즈_8958.swift in Sources */ = {isa = PBXBuildFile; fileRef = 6CFD9D0D27350D64001E788B /* OX퀴즈_8958.swift */; };
		6CFD9D1027350D8A001E788B /* 아스키코드_11654.swift in Sources */ = {isa = PBXBuildFile; fileRef = 6CFD9D0F27350D8A001E788B /* 아스키코드_11654.swift */; };
		6CFD9D1227350E09001E788B /* We love kriii_10718.swift in Sources */ = {isa = PBXBuildFile; fileRef = 6CFD9D1127350E09001E788B /* We love kriii_10718.swift */; };
		6CFD9D1427350F4E001E788B /* AxB_10998.swift in Sources */ = {isa = PBXBuildFile; fileRef = 6CFD9D1327350F4E001E788B /* AxB_10998.swift */; };
		6CFD9D162735103D001E788B /* 사칙연산_10869.swift in Sources */ = {isa = PBXBuildFile; fileRef = 6CFD9D152735103D001E788B /* 사칙연산_10869.swift */; };
		6CFD9D18273510E4001E788B /* 구구단_2739.swift in Sources */ = {isa = PBXBuildFile; fileRef = 6CFD9D17273510E4001E788B /* 구구단_2739.swift */; };
		6CFD9D1A2735118D001E788B /* 시험 성적_9498.swift in Sources */ = {isa = PBXBuildFile; fileRef = 6CFD9D192735118D001E788B /* 시험 성적_9498.swift */; };
		6CFD9D1C27351314001E788B /* 나머지_10430.swift in Sources */ = {isa = PBXBuildFile; fileRef = 6CFD9D1B27351314001E788B /* 나머지_10430.swift */; };
		6CFD9D1E273514EF001E788B /* N 찍기_2741.swift in Sources */ = {isa = PBXBuildFile; fileRef = 6CFD9D1D273514EF001E788B /* N 찍기_2741.swift */; };
		6CFD9D2027351569001E788B /* 개_10172.swift in Sources */ = {isa = PBXBuildFile; fileRef = 6CFD9D1F27351569001E788B /* 개_10172.swift */; };
		6CFD9D22273518C2001E788B /* 별 찍기_2439.swift in Sources */ = {isa = PBXBuildFile; fileRef = 6CFD9D21273518C2001E788B /* 별 찍기_2439.swift */; };
		6CFD9D24273519B9001E788B /* 기찍 N_2742.swift in Sources */ = {isa = PBXBuildFile; fileRef = 6CFD9D23273519B9001E788B /* 기찍 N_2742.swift */; };
		6CFD9D2627351A5C001E788B /* 합_8393.swift in Sources */ = {isa = PBXBuildFile; fileRef = 6CFD9D2527351A5C001E788B /* 합_8393.swift */; };
		6CFD9D2827351AE8001E788B /* 고양이_10171.swift in Sources */ = {isa = PBXBuildFile; fileRef = 6CFD9D2727351AE8001E788B /* 고양이_10171.swift */; };
		6CFD9D2A27351B51001E788B /* 두 수 비교하기_1330.swift in Sources */ = {isa = PBXBuildFile; fileRef = 6CFD9D2927351B51001E788B /* 두 수 비교하기_1330.swift */; };
/* End PBXBuildFile section */

/* Begin PBXCopyFilesBuildPhase section */
		6CFD9CEB273508F9001E788B /* CopyFiles */ = {
			isa = PBXCopyFilesBuildPhase;
			buildActionMask = 2147483647;
			dstPath = /usr/share/man/man1/;
			dstSubfolderSpec = 0;
			files = (
			);
			runOnlyForDeploymentPostprocessing = 1;
		};
/* End PBXCopyFilesBuildPhase section */

/* Begin PBXFileReference section */
		6CFD9CED273508F9001E788B /* baekjoonAlgorithm */ = {isa = PBXFileReference; explicitFileType = "compiled.mach-o.executable"; includeInIndex = 0; path = baekjoonAlgorithm; sourceTree = BUILT_PRODUCTS_DIR; };
		6CFD9CF0273508F9001E788B /* main.swift */ = {isa = PBXFileReference; lastKnownFileType = sourcecode.swift; path = main.swift; sourceTree = "<group>"; };
		6CFD9D0327350CA3001E788B /* A+B_1000.swift */ = {isa = PBXFileReference; lastKnownFileType = sourcecode.swift; path = "A+B_1000.swift"; sourceTree = "<group>"; };
		6CFD9D0727350CEB001E788B /* A\B_1008.swift */ = {isa = PBXFileReference; lastKnownFileType = sourcecode.swift; path = "A\\B_1008.swift"; sourceTree = "<group>"; };
		6CFD9D0927350D18001E788B /* 별 찍기_2438.swift */ = {isa = PBXFileReference; lastKnownFileType = sourcecode.swift; path = "별 찍기_2438.swift"; sourceTree = "<group>"; };
		6CFD9D0B27350D3F001E788B /* 음계_2920.swift */ = {isa = PBXFileReference; lastKnownFileType = sourcecode.swift; path = "음계_2920.swift"; sourceTree = "<group>"; };
		6CFD9D0D27350D64001E788B /* OX퀴즈_8958.swift */ = {isa = PBXFileReference; lastKnownFileType = sourcecode.swift; path = "OX퀴즈_8958.swift"; sourceTree = "<group>"; };
		6CFD9D0F27350D8A001E788B /* 아스키코드_11654.swift */ = {isa = PBXFileReference; lastKnownFileType = sourcecode.swift; path = "아스키코드_11654.swift"; sourceTree = "<group>"; };
		6CFD9D1127350E09001E788B /* We love kriii_10718.swift */ = {isa = PBXFileReference; lastKnownFileType = sourcecode.swift; path = "We love kriii_10718.swift"; sourceTree = "<group>"; };
		6CFD9D1327350F4E001E788B /* AxB_10998.swift */ = {isa = PBXFileReference; lastKnownFileType = sourcecode.swift; path = AxB_10998.swift; sourceTree = "<group>"; };
		6CFD9D152735103D001E788B /* 사칙연산_10869.swift */ = {isa = PBXFileReference; lastKnownFileType = sourcecode.swift; path = "사칙연산_10869.swift"; sourceTree = "<group>"; };
		6CFD9D17273510E4001E788B /* 구구단_2739.swift */ = {isa = PBXFileReference; lastKnownFileType = sourcecode.swift; path = "구구단_2739.swift"; sourceTree = "<group>"; };
		6CFD9D192735118D001E788B /* 시험 성적_9498.swift */ = {isa = PBXFileReference; lastKnownFileType = sourcecode.swift; path = "시험 성적_9498.swift"; sourceTree = "<group>"; };
		6CFD9D1B27351314001E788B /* 나머지_10430.swift */ = {isa = PBXFileReference; lastKnownFileType = sourcecode.swift; path = "나머지_10430.swift"; sourceTree = "<group>"; };
		6CFD9D1D273514EF001E788B /* N 찍기_2741.swift */ = {isa = PBXFileReference; lastKnownFileType = sourcecode.swift; path = "N 찍기_2741.swift"; sourceTree = "<group>"; };
		6CFD9D1F27351569001E788B /* 개_10172.swift */ = {isa = PBXFileReference; lastKnownFileType = sourcecode.swift; path = "개_10172.swift"; sourceTree = "<group>"; };
		6CFD9D21273518C2001E788B /* 별 찍기_2439.swift */ = {isa = PBXFileReference; lastKnownFileType = sourcecode.swift; path = "별 찍기_2439.swift"; sourceTree = "<group>"; };
		6CFD9D23273519B9001E788B /* 기찍 N_2742.swift */ = {isa = PBXFileReference; lastKnownFileType = sourcecode.swift; path = "기찍 N_2742.swift"; sourceTree = "<group>"; };
		6CFD9D2527351A5C001E788B /* 합_8393.swift */ = {isa = PBXFileReference; lastKnownFileType = sourcecode.swift; path = "합_8393.swift"; sourceTree = "<group>"; };
		6CFD9D2727351AE8001E788B /* 고양이_10171.swift */ = {isa = PBXFileReference; lastKnownFileType = sourcecode.swift; path = "고양이_10171.swift"; sourceTree = "<group>"; };
		6CFD9D2927351B51001E788B /* 두 수 비교하기_1330.swift */ = {isa = PBXFileReference; lastKnownFileType = sourcecode.swift; path = "두 수 비교하기_1330.swift"; sourceTree = "<group>"; };
/* End PBXFileReference section */

/* Begin PBXFrameworksBuildPhase section */
		6CFD9CEA273508F9001E788B /* Frameworks */ = {
			isa = PBXFrameworksBuildPhase;
			buildActionMask = 2147483647;
			files = (
			);
			runOnlyForDeploymentPostprocessing = 0;
		};
/* End PBXFrameworksBuildPhase section */

/* Begin PBXGroup section */
		6CFD9CE4273508F9001E788B = {
			isa = PBXGroup;
			children = (
				6CFD9CEF273508F9001E788B /* baekjoonAlgorithm */,
				6CFD9CEE273508F9001E788B /* Products */,
			);
			sourceTree = "<group>";
		};
		6CFD9CEE273508F9001E788B /* Products */ = {
			isa = PBXGroup;
			children = (
				6CFD9CED273508F9001E788B /* baekjoonAlgorithm */,
			);
			name = Products;
			sourceTree = "<group>";
		};
		6CFD9CEF273508F9001E788B /* baekjoonAlgorithm */ = {
			isa = PBXGroup;
			children = (
				6CFD9CF0273508F9001E788B /* main.swift */,
				6CFD9D0327350CA3001E788B /* A+B_1000.swift */,
				6CFD9D0727350CEB001E788B /* A\B_1008.swift */,
				6CFD9D0927350D18001E788B /* 별 찍기_2438.swift */,
				6CFD9D0B27350D3F001E788B /* 음계_2920.swift */,
				6CFD9D0D27350D64001E788B /* OX퀴즈_8958.swift */,
				6CFD9D0F27350D8A001E788B /* 아스키코드_11654.swift */,
				6CFD9D1127350E09001E788B /* We love kriii_10718.swift */,
				6CFD9D1327350F4E001E788B /* AxB_10998.swift */,
				6CFD9D152735103D001E788B /* 사칙연산_10869.swift */,
				6CFD9D17273510E4001E788B /* 구구단_2739.swift */,
				6CFD9D192735118D001E788B /* 시험 성적_9498.swift */,
				6CFD9D1B27351314001E788B /* 나머지_10430.swift */,
				6CFD9D1D273514EF001E788B /* N 찍기_2741.swift */,
				6CFD9D1F27351569001E788B /* 개_10172.swift */,
				6CFD9D21273518C2001E788B /* 별 찍기_2439.swift */,
				6CFD9D23273519B9001E788B /* 기찍 N_2742.swift */,
				6CFD9D2527351A5C001E788B /* 합_8393.swift */,
				6CFD9D2727351AE8001E788B /* 고양이_10171.swift */,
				6CFD9D2927351B51001E788B /* 두 수 비교하기_1330.swift */,
			);
			path = baekjoonAlgorithm;
			sourceTree = "<group>";
		};
/* End PBXGroup section */

/* Begin PBXNativeTarget section */
		6CFD9CEC273508F9001E788B /* baekjoonAlgorithm */ = {
			isa = PBXNativeTarget;
			buildConfigurationList = 6CFD9CF4273508F9001E788B /* Build configuration list for PBXNativeTarget "baekjoonAlgorithm" */;
			buildPhases = (
				6CFD9CE9273508F9001E788B /* Sources */,
				6CFD9CEA273508F9001E788B /* Frameworks */,
				6CFD9CEB273508F9001E788B /* CopyFiles */,
			);
			buildRules = (
			);
			dependencies = (
			);
			name = baekjoonAlgorithm;
			productName = baekjoonAlgorithm;
			productReference = 6CFD9CED273508F9001E788B /* baekjoonAlgorithm */;
			productType = "com.apple.product-type.tool";
		};
/* End PBXNativeTarget section */

/* Begin PBXProject section */
		6CFD9CE5273508F9001E788B /* Project object */ = {
			isa = PBXProject;
			attributes = {
				BuildIndependentTargetsInParallel = 1;
				LastSwiftUpdateCheck = 1310;
				LastUpgradeCheck = 1310;
				TargetAttributes = {
					6CFD9CEC273508F9001E788B = {
						CreatedOnToolsVersion = 13.1;
					};
				};
			};
			buildConfigurationList = 6CFD9CE8273508F9001E788B /* Build configuration list for PBXProject "baekjoonAlgorithm" */;
			compatibilityVersion = "Xcode 13.0";
			developmentRegion = en;
			hasScannedForEncodings = 0;
			knownRegions = (
				en,
				Base,
			);
			mainGroup = 6CFD9CE4273508F9001E788B;
			productRefGroup = 6CFD9CEE273508F9001E788B /* Products */;
			projectDirPath = "";
			projectRoot = "";
			targets = (
				6CFD9CEC273508F9001E788B /* baekjoonAlgorithm */,
			);
		};
/* End PBXProject section */

/* Begin PBXSourcesBuildPhase section */
		6CFD9CE9273508F9001E788B /* Sources */ = {
			isa = PBXSourcesBuildPhase;
			buildActionMask = 2147483647;
			files = (
				6CFD9D1227350E09001E788B /* We love kriii_10718.swift in Sources */,
				6CFD9CF1273508F9001E788B /* main.swift in Sources */,
				6CFD9D1C27351314001E788B /* 나머지_10430.swift in Sources */,
				6CFD9D2A27351B51001E788B /* 두 수 비교하기_1330.swift in Sources */,
				6CFD9D0E27350D64001E788B /* OX퀴즈_8958.swift in Sources */,
				6CFD9D2627351A5C001E788B /* 합_8393.swift in Sources */,
				6CFD9D1027350D8A001E788B /* 아스키코드_11654.swift in Sources */,
				6CFD9D2827351AE8001E788B /* 고양이_10171.swift in Sources */,
				6CFD9D1E273514EF001E788B /* N 찍기_2741.swift in Sources */,
				6CFD9D0C27350D3F001E788B /* 음계_2920.swift in Sources */,
				6CFD9D0427350CA3001E788B /* A+B_1000.swift in Sources */,
				6CFD9D2027351569001E788B /* 개_10172.swift in Sources */,
				6CFD9D1A2735118D001E788B /* 시험 성적_9498.swift in Sources */,
				6CFD9D0827350CEB001E788B /* A\B_1008.swift in Sources */,
				6CFD9D1427350F4E001E788B /* AxB_10998.swift in Sources */,
				6CFD9D22273518C2001E788B /* 별 찍기_2439.swift in Sources */,
				6CFD9D24273519B9001E788B /* 기찍 N_2742.swift in Sources */,
				6CFD9D162735103D001E788B /* 사칙연산_10869.swift in Sources */,
				6CFD9D18273510E4001E788B /* 구구단_2739.swift in Sources */,
				6CFD9D0A27350D18001E788B /* 별 찍기_2438.swift in Sources */,
			);
			runOnlyForDeploymentPostprocessing = 0;
		};
/* End PBXSourcesBuildPhase section */

/* Begin XCBuildConfiguration section */
		6CFD9CF2273508F9001E788B /* Debug */ = {
			isa = XCBuildConfiguration;
			buildSettings = {
				ALWAYS_SEARCH_USER_PATHS = NO;
				CLANG_ANALYZER_NONNULL = YES;
				CLANG_ANALYZER_NUMBER_OBJECT_CONVERSION = YES_AGGRESSIVE;
				CLANG_CXX_LANGUAGE_STANDARD = "gnu++17";
				CLANG_CXX_LIBRARY = "libc++";
				CLANG_ENABLE_MODULES = YES;
				CLANG_ENABLE_OBJC_ARC = YES;
				CLANG_ENABLE_OBJC_WEAK = YES;
				CLANG_WARN_BLOCK_CAPTURE_AUTORELEASING = YES;
				CLANG_WARN_BOOL_CONVERSION = YES;
				CLANG_WARN_COMMA = YES;
				CLANG_WARN_CONSTANT_CONVERSION = YES;
				CLANG_WARN_DEPRECATED_OBJC_IMPLEMENTATIONS = YES;
				CLANG_WARN_DIRECT_OBJC_ISA_USAGE = YES_ERROR;
				CLANG_WARN_DOCUMENTATION_COMMENTS = YES;
				CLANG_WARN_EMPTY_BODY = YES;
				CLANG_WARN_ENUM_CONVERSION = YES;
				CLANG_WARN_INFINITE_RECURSION = YES;
				CLANG_WARN_INT_CONVERSION = YES;
				CLANG_WARN_NON_LITERAL_NULL_CONVERSION = YES;
				CLANG_WARN_OBJC_IMPLICIT_RETAIN_SELF = YES;
				CLANG_WARN_OBJC_LITERAL_CONVERSION = YES;
				CLANG_WARN_OBJC_ROOT_CLASS = YES_ERROR;
				CLANG_WARN_QUOTED_INCLUDE_IN_FRAMEWORK_HEADER = YES;
				CLANG_WARN_RANGE_LOOP_ANALYSIS = YES;
				CLANG_WARN_STRICT_PROTOTYPES = YES;
				CLANG_WARN_SUSPICIOUS_MOVE = YES;
				CLANG_WARN_UNGUARDED_AVAILABILITY = YES_AGGRESSIVE;
				CLANG_WARN_UNREACHABLE_CODE = YES;
				CLANG_WARN__DUPLICATE_METHOD_MATCH = YES;
				COPY_PHASE_STRIP = NO;
				DEBUG_INFORMATION_FORMAT = dwarf;
				ENABLE_STRICT_OBJC_MSGSEND = YES;
				ENABLE_TESTABILITY = YES;
				GCC_C_LANGUAGE_STANDARD = gnu11;
				GCC_DYNAMIC_NO_PIC = NO;
				GCC_NO_COMMON_BLOCKS = YES;
				GCC_OPTIMIZATION_LEVEL = 0;
				GCC_PREPROCESSOR_DEFINITIONS = (
					"DEBUG=1",
					"$(inherited)",
				);
				GCC_WARN_64_TO_32_BIT_CONVERSION = YES;
				GCC_WARN_ABOUT_RETURN_TYPE = YES_ERROR;
				GCC_WARN_UNDECLARED_SELECTOR = YES;
				GCC_WARN_UNINITIALIZED_AUTOS = YES_AGGRESSIVE;
				GCC_WARN_UNUSED_FUNCTION = YES;
				GCC_WARN_UNUSED_VARIABLE = YES;
				MACOSX_DEPLOYMENT_TARGET = 12.0;
				MTL_ENABLE_DEBUG_INFO = INCLUDE_SOURCE;
				MTL_FAST_MATH = YES;
				ONLY_ACTIVE_ARCH = YES;
				SDKROOT = macosx;
				SWIFT_ACTIVE_COMPILATION_CONDITIONS = DEBUG;
				SWIFT_OPTIMIZATION_LEVEL = "-Onone";
			};
			name = Debug;
		};
		6CFD9CF3273508F9001E788B /* Release */ = {
			isa = XCBuildConfiguration;
			buildSettings = {
				ALWAYS_SEARCH_USER_PATHS = NO;
				CLANG_ANALYZER_NONNULL = YES;
				CLANG_ANALYZER_NUMBER_OBJECT_CONVERSION = YES_AGGRESSIVE;
				CLANG_CXX_LANGUAGE_STANDARD = "gnu++17";
				CLANG_CXX_LIBRARY = "libc++";
				CLANG_ENABLE_MODULES = YES;
				CLANG_ENABLE_OBJC_ARC = YES;
				CLANG_ENABLE_OBJC_WEAK = YES;
				CLANG_WARN_BLOCK_CAPTURE_AUTORELEASING = YES;
				CLANG_WARN_BOOL_CONVERSION = YES;
				CLANG_WARN_COMMA = YES;
				CLANG_WARN_CONSTANT_CONVERSION = YES;
				CLANG_WARN_DEPRECATED_OBJC_IMPLEMENTATIONS = YES;
				CLANG_WARN_DIRECT_OBJC_ISA_USAGE = YES_ERROR;
				CLANG_WARN_DOCUMENTATION_COMMENTS = YES;
				CLANG_WARN_EMPTY_BODY = YES;
				CLANG_WARN_ENUM_CONVERSION = YES;
				CLANG_WARN_INFINITE_RECURSION = YES;
				CLANG_WARN_INT_CONVERSION = YES;
				CLANG_WARN_NON_LITERAL_NULL_CONVERSION = YES;
				CLANG_WARN_OBJC_IMPLICIT_RETAIN_SELF = YES;
				CLANG_WARN_OBJC_LITERAL_CONVERSION = YES;
				CLANG_WARN_OBJC_ROOT_CLASS = YES_ERROR;
				CLANG_WARN_QUOTED_INCLUDE_IN_FRAMEWORK_HEADER = YES;
				CLANG_WARN_RANGE_LOOP_ANALYSIS = YES;
				CLANG_WARN_STRICT_PROTOTYPES = YES;
				CLANG_WARN_SUSPICIOUS_MOVE = YES;
				CLANG_WARN_UNGUARDED_AVAILABILITY = YES_AGGRESSIVE;
				CLANG_WARN_UNREACHABLE_CODE = YES;
				CLANG_WARN__DUPLICATE_METHOD_MATCH = YES;
				COPY_PHASE_STRIP = NO;
				DEBUG_INFORMATION_FORMAT = "dwarf-with-dsym";
				ENABLE_NS_ASSERTIONS = NO;
				ENABLE_STRICT_OBJC_MSGSEND = YES;
				GCC_C_LANGUAGE_STANDARD = gnu11;
				GCC_NO_COMMON_BLOCKS = YES;
				GCC_WARN_64_TO_32_BIT_CONVERSION = YES;
				GCC_WARN_ABOUT_RETURN_TYPE = YES_ERROR;
				GCC_WARN_UNDECLARED_SELECTOR = YES;
				GCC_WARN_UNINITIALIZED_AUTOS = YES_AGGRESSIVE;
				GCC_WARN_UNUSED_FUNCTION = YES;
				GCC_WARN_UNUSED_VARIABLE = YES;
				MACOSX_DEPLOYMENT_TARGET = 12.0;
				MTL_ENABLE_DEBUG_INFO = NO;
				MTL_FAST_MATH = YES;
				SDKROOT = macosx;
				SWIFT_COMPILATION_MODE = wholemodule;
				SWIFT_OPTIMIZATION_LEVEL = "-O";
			};
			name = Release;
		};
		6CFD9CF5273508F9001E788B /* Debug */ = {
			isa = XCBuildConfiguration;
			buildSettings = {
				CODE_SIGN_STYLE = Automatic;
				PRODUCT_NAME = "$(TARGET_NAME)";
				SWIFT_VERSION = 5.0;
			};
			name = Debug;
		};
		6CFD9CF6273508F9001E788B /* Release */ = {
			isa = XCBuildConfiguration;
			buildSettings = {
				CODE_SIGN_STYLE = Automatic;
				PRODUCT_NAME = "$(TARGET_NAME)";
				SWIFT_VERSION = 5.0;
			};
			name = Release;
		};
/* End XCBuildConfiguration section */

/* Begin XCConfigurationList section */
		6CFD9CE8273508F9001E788B /* Build configuration list for PBXProject "baekjoonAlgorithm" */ = {
			isa = XCConfigurationList;
			buildConfigurations = (
				6CFD9CF2273508F9001E788B /* Debug */,
				6CFD9CF3273508F9001E788B /* Release */,
			);
			defaultConfigurationIsVisible = 0;
			defaultConfigurationName = Release;
		};
		6CFD9CF4273508F9001E788B /* Build configuration list for PBXNativeTarget "baekjoonAlgorithm" */ = {
			isa = XCConfigurationList;
			buildConfigurations = (
				6CFD9CF5273508F9001E788B /* Debug */,
				6CFD9CF6273508F9001E788B /* Release */,
			);
			defaultConfigurationIsVisible = 0;
			defaultConfigurationName = Release;
		};
/* End XCConfigurationList section */
	};
	rootObject = 6CFD9CE5273508F9001E788B /* Project object */;
}
