// !$*UTF8*$!
{
	archiveVersion = 1;
	classes = {
	};
	objectVersion = 55;
	objects = {

/* Begin PBXBuildFile section */
		6CDF9F1628C5BF2A0097CB31 /* main.swift in Sources */ = {isa = PBXBuildFile; fileRef = 6CDF9F1528C5BF2A0097CB31 /* main.swift */; };
		6CDF9F2828C5BF5D0097CB31 /* BinaryGap.swift in Sources */ = {isa = PBXBuildFile; fileRef = 6CDF9F2728C5BF5D0097CB31 /* BinaryGap.swift */; };
		6CDF9F2B28C5C1F00097CB31 /* CyclicRotation.swift in Sources */ = {isa = PBXBuildFile; fileRef = 6CDF9F2A28C5C1F00097CB31 /* CyclicRotation.swift */; };
		6CDF9F4C28C5C97D0097CB31 /* CodilityTest.swift in Sources */ = {isa = PBXBuildFile; fileRef = 6CDF9F4B28C5C97D0097CB31 /* CodilityTest.swift */; };
		6CDF9F5028C5CA460097CB31 /* CyclicRotation.swift in Sources */ = {isa = PBXBuildFile; fileRef = 6CDF9F2A28C5C1F00097CB31 /* CyclicRotation.swift */; };
/* End PBXBuildFile section */

/* Begin PBXCopyFilesBuildPhase section */
		6CDF9F1028C5BF2A0097CB31 /* CopyFiles */ = {
			isa = PBXCopyFilesBuildPhase;
			buildActionMask = 2147483647;
			dstPath = /usr/share/man/man1/;
			dstSubfolderSpec = 0;
			files = (
			);
			runOnlyForDeploymentPostprocessing = 1;
		};
/* End PBXCopyFilesBuildPhase section */

/* Begin PBXFileReference section */
		6CDF9F1228C5BF2A0097CB31 /* CodilityAlgorithm */ = {isa = PBXFileReference; explicitFileType = "compiled.mach-o.executable"; includeInIndex = 0; path = CodilityAlgorithm; sourceTree = BUILT_PRODUCTS_DIR; };
		6CDF9F1528C5BF2A0097CB31 /* main.swift */ = {isa = PBXFileReference; lastKnownFileType = sourcecode.swift; path = main.swift; sourceTree = "<group>"; };
		6CDF9F2728C5BF5D0097CB31 /* BinaryGap.swift */ = {isa = PBXFileReference; lastKnownFileType = sourcecode.swift; path = BinaryGap.swift; sourceTree = "<group>"; };
		6CDF9F2A28C5C1F00097CB31 /* CyclicRotation.swift */ = {isa = PBXFileReference; lastKnownFileType = sourcecode.swift; path = CyclicRotation.swift; sourceTree = "<group>"; };
		6CDF9F4928C5C97D0097CB31 /* CodilityTest.xctest */ = {isa = PBXFileReference; explicitFileType = wrapper.cfbundle; includeInIndex = 0; path = CodilityTest.xctest; sourceTree = BUILT_PRODUCTS_DIR; };
		6CDF9F4B28C5C97D0097CB31 /* CodilityTest.swift */ = {isa = PBXFileReference; lastKnownFileType = sourcecode.swift; path = CodilityTest.swift; sourceTree = "<group>"; };
/* End PBXFileReference section */

/* Begin PBXFrameworksBuildPhase section */
		6CDF9F0F28C5BF2A0097CB31 /* Frameworks */ = {
			isa = PBXFrameworksBuildPhase;
			buildActionMask = 2147483647;
			files = (
			);
			runOnlyForDeploymentPostprocessing = 0;
		};
		6CDF9F4628C5C97D0097CB31 /* Frameworks */ = {
			isa = PBXFrameworksBuildPhase;
			buildActionMask = 2147483647;
			files = (
			);
			runOnlyForDeploymentPostprocessing = 0;
		};
/* End PBXFrameworksBuildPhase section */

/* Begin PBXGroup section */
		6CDF9F0928C5BF2A0097CB31 = {
			isa = PBXGroup;
			children = (
				6CDF9F1428C5BF2A0097CB31 /* CodilityAlgorithm */,
				6CDF9F4A28C5C97D0097CB31 /* CodilityTest */,
				6CDF9F1328C5BF2A0097CB31 /* Products */,
			);
			sourceTree = "<group>";
		};
		6CDF9F1328C5BF2A0097CB31 /* Products */ = {
			isa = PBXGroup;
			children = (
				6CDF9F1228C5BF2A0097CB31 /* CodilityAlgorithm */,
				6CDF9F4928C5C97D0097CB31 /* CodilityTest.xctest */,
			);
			name = Products;
			sourceTree = "<group>";
		};
		6CDF9F1428C5BF2A0097CB31 /* CodilityAlgorithm */ = {
			isa = PBXGroup;
			children = (
				6CDF9F1528C5BF2A0097CB31 /* main.swift */,
				6CDF9F2728C5BF5D0097CB31 /* BinaryGap.swift */,
				6CDF9F2A28C5C1F00097CB31 /* CyclicRotation.swift */,
			);
			path = CodilityAlgorithm;
			sourceTree = "<group>";
		};
		6CDF9F4A28C5C97D0097CB31 /* CodilityTest */ = {
			isa = PBXGroup;
			children = (
				6CDF9F4B28C5C97D0097CB31 /* CodilityTest.swift */,
			);
			path = CodilityTest;
			sourceTree = "<group>";
		};
/* End PBXGroup section */

/* Begin PBXNativeTarget section */
		6CDF9F1128C5BF2A0097CB31 /* CodilityAlgorithm */ = {
			isa = PBXNativeTarget;
			buildConfigurationList = 6CDF9F1928C5BF2A0097CB31 /* Build configuration list for PBXNativeTarget "CodilityAlgorithm" */;
			buildPhases = (
				6CDF9F0E28C5BF2A0097CB31 /* Sources */,
				6CDF9F0F28C5BF2A0097CB31 /* Frameworks */,
				6CDF9F1028C5BF2A0097CB31 /* CopyFiles */,
			);
			buildRules = (
			);
			dependencies = (
			);
			name = CodilityAlgorithm;
			productName = CodilityAlgorithm;
			productReference = 6CDF9F1228C5BF2A0097CB31 /* CodilityAlgorithm */;
			productType = "com.apple.product-type.tool";
		};
		6CDF9F4828C5C97D0097CB31 /* CodilityTest */ = {
			isa = PBXNativeTarget;
			buildConfigurationList = 6CDF9F4D28C5C97D0097CB31 /* Build configuration list for PBXNativeTarget "CodilityTest" */;
			buildPhases = (
				6CDF9F4528C5C97D0097CB31 /* Sources */,
				6CDF9F4628C5C97D0097CB31 /* Frameworks */,
				6CDF9F4728C5C97D0097CB31 /* Resources */,
			);
			buildRules = (
			);
			dependencies = (
			);
			name = CodilityTest;
			productName = CodilityTest;
			productReference = 6CDF9F4928C5C97D0097CB31 /* CodilityTest.xctest */;
			productType = "com.apple.product-type.bundle.unit-test";
		};
/* End PBXNativeTarget section */

/* Begin PBXProject section */
		6CDF9F0A28C5BF2A0097CB31 /* Project object */ = {
			isa = PBXProject;
			attributes = {
				BuildIndependentTargetsInParallel = 1;
				LastSwiftUpdateCheck = 1340;
				LastUpgradeCheck = 1340;
				TargetAttributes = {
					6CDF9F1128C5BF2A0097CB31 = {
						CreatedOnToolsVersion = 13.4.1;
					};
					6CDF9F4828C5C97D0097CB31 = {
						CreatedOnToolsVersion = 13.4.1;
					};
				};
			};
			buildConfigurationList = 6CDF9F0D28C5BF2A0097CB31 /* Build configuration list for PBXProject "CodilityAlgorithm" */;
			compatibilityVersion = "Xcode 13.0";
			developmentRegion = en;
			hasScannedForEncodings = 0;
			knownRegions = (
				en,
				Base,
			);
			mainGroup = 6CDF9F0928C5BF2A0097CB31;
			productRefGroup = 6CDF9F1328C5BF2A0097CB31 /* Products */;
			projectDirPath = "";
			projectRoot = "";
			targets = (
				6CDF9F1128C5BF2A0097CB31 /* CodilityAlgorithm */,
				6CDF9F4828C5C97D0097CB31 /* CodilityTest */,
			);
		};
/* End PBXProject section */

/* Begin PBXResourcesBuildPhase section */
		6CDF9F4728C5C97D0097CB31 /* Resources */ = {
			isa = PBXResourcesBuildPhase;
			buildActionMask = 2147483647;
			files = (
			);
			runOnlyForDeploymentPostprocessing = 0;
		};
/* End PBXResourcesBuildPhase section */

/* Begin PBXSourcesBuildPhase section */
		6CDF9F0E28C5BF2A0097CB31 /* Sources */ = {
			isa = PBXSourcesBuildPhase;
			buildActionMask = 2147483647;
			files = (
				6CDF9F1628C5BF2A0097CB31 /* main.swift in Sources */,
				6CDF9F2B28C5C1F00097CB31 /* CyclicRotation.swift in Sources */,
				6CDF9F2828C5BF5D0097CB31 /* BinaryGap.swift in Sources */,
			);
			runOnlyForDeploymentPostprocessing = 0;
		};
		6CDF9F4528C5C97D0097CB31 /* Sources */ = {
			isa = PBXSourcesBuildPhase;
			buildActionMask = 2147483647;
			files = (
				6CDF9F5028C5CA460097CB31 /* CyclicRotation.swift in Sources */,
				6CDF9F4C28C5C97D0097CB31 /* CodilityTest.swift in Sources */,
			);
			runOnlyForDeploymentPostprocessing = 0;
		};
/* End PBXSourcesBuildPhase section */

/* Begin XCBuildConfiguration section */
		6CDF9F1728C5BF2A0097CB31 /* Debug */ = {
			isa = XCBuildConfiguration;
			buildSettings = {
				ALWAYS_SEARCH_USER_PATHS = NO;
				CLANG_ANALYZER_NONNULL = YES;
				CLANG_ANALYZER_NUMBER_OBJECT_CONVERSION = YES_AGGRESSIVE;
				CLANG_CXX_LANGUAGE_STANDARD = "gnu++17";
				CLANG_ENABLE_MODULES = YES;
				CLANG_ENABLE_OBJC_ARC = YES;
				CLANG_ENABLE_OBJC_WEAK = YES;
				CLANG_WARN_BLOCK_CAPTURE_AUTORELEASING = YES;
				CLANG_WARN_BOOL_CONVERSION = YES;
				CLANG_WARN_COMMA = YES;
				CLANG_WARN_CONSTANT_CONVERSION = YES;
				CLANG_WARN_DEPRECATED_OBJC_IMPLEMENTATIONS = YES;
				CLANG_WARN_DIRECT_OBJC_ISA_USAGE = YES_ERROR;
				CLANG_WARN_DOCUMENTATION_COMMENTS = YES;
				CLANG_WARN_EMPTY_BODY = YES;
				CLANG_WARN_ENUM_CONVERSION = YES;
				CLANG_WARN_INFINITE_RECURSION = YES;
				CLANG_WARN_INT_CONVERSION = YES;
				CLANG_WARN_NON_LITERAL_NULL_CONVERSION = YES;
				CLANG_WARN_OBJC_IMPLICIT_RETAIN_SELF = YES;
				CLANG_WARN_OBJC_LITERAL_CONVERSION = YES;
				CLANG_WARN_OBJC_ROOT_CLASS = YES_ERROR;
				CLANG_WARN_QUOTED_INCLUDE_IN_FRAMEWORK_HEADER = YES;
				CLANG_WARN_RANGE_LOOP_ANALYSIS = YES;
				CLANG_WARN_STRICT_PROTOTYPES = YES;
				CLANG_WARN_SUSPICIOUS_MOVE = YES;
				CLANG_WARN_UNGUARDED_AVAILABILITY = YES_AGGRESSIVE;
				CLANG_WARN_UNREACHABLE_CODE = YES;
				CLANG_WARN__DUPLICATE_METHOD_MATCH = YES;
				COPY_PHASE_STRIP = NO;
				DEBUG_INFORMATION_FORMAT = dwarf;
				ENABLE_STRICT_OBJC_MSGSEND = YES;
				ENABLE_TESTABILITY = YES;
				GCC_C_LANGUAGE_STANDARD = gnu11;
				GCC_DYNAMIC_NO_PIC = NO;
				GCC_NO_COMMON_BLOCKS = YES;
				GCC_OPTIMIZATION_LEVEL = 0;
				GCC_PREPROCESSOR_DEFINITIONS = (
					"DEBUG=1",
					"$(inherited)",
				);
				GCC_WARN_64_TO_32_BIT_CONVERSION = YES;
				GCC_WARN_ABOUT_RETURN_TYPE = YES_ERROR;
				GCC_WARN_UNDECLARED_SELECTOR = YES;
				GCC_WARN_UNINITIALIZED_AUTOS = YES_AGGRESSIVE;
				GCC_WARN_UNUSED_FUNCTION = YES;
				GCC_WARN_UNUSED_VARIABLE = YES;
				MACOSX_DEPLOYMENT_TARGET = 12.3;
				MTL_ENABLE_DEBUG_INFO = INCLUDE_SOURCE;
				MTL_FAST_MATH = YES;
				ONLY_ACTIVE_ARCH = YES;
				SDKROOT = macosx;
				SWIFT_ACTIVE_COMPILATION_CONDITIONS = DEBUG;
				SWIFT_OPTIMIZATION_LEVEL = "-Onone";
			};
			name = Debug;
		};
		6CDF9F1828C5BF2A0097CB31 /* Release */ = {
			isa = XCBuildConfiguration;
			buildSettings = {
				ALWAYS_SEARCH_USER_PATHS = NO;
				CLANG_ANALYZER_NONNULL = YES;
				CLANG_ANALYZER_NUMBER_OBJECT_CONVERSION = YES_AGGRESSIVE;
				CLANG_CXX_LANGUAGE_STANDARD = "gnu++17";
				CLANG_ENABLE_MODULES = YES;
				CLANG_ENABLE_OBJC_ARC = YES;
				CLANG_ENABLE_OBJC_WEAK = YES;
				CLANG_WARN_BLOCK_CAPTURE_AUTORELEASING = YES;
				CLANG_WARN_BOOL_CONVERSION = YES;
				CLANG_WARN_COMMA = YES;
				CLANG_WARN_CONSTANT_CONVERSION = YES;
				CLANG_WARN_DEPRECATED_OBJC_IMPLEMENTATIONS = YES;
				CLANG_WARN_DIRECT_OBJC_ISA_USAGE = YES_ERROR;
				CLANG_WARN_DOCUMENTATION_COMMENTS = YES;
				CLANG_WARN_EMPTY_BODY = YES;
				CLANG_WARN_ENUM_CONVERSION = YES;
				CLANG_WARN_INFINITE_RECURSION = YES;
				CLANG_WARN_INT_CONVERSION = YES;
				CLANG_WARN_NON_LITERAL_NULL_CONVERSION = YES;
				CLANG_WARN_OBJC_IMPLICIT_RETAIN_SELF = YES;
				CLANG_WARN_OBJC_LITERAL_CONVERSION = YES;
				CLANG_WARN_OBJC_ROOT_CLASS = YES_ERROR;
				CLANG_WARN_QUOTED_INCLUDE_IN_FRAMEWORK_HEADER = YES;
				CLANG_WARN_RANGE_LOOP_ANALYSIS = YES;
				CLANG_WARN_STRICT_PROTOTYPES = YES;
				CLANG_WARN_SUSPICIOUS_MOVE = YES;
				CLANG_WARN_UNGUARDED_AVAILABILITY = YES_AGGRESSIVE;
				CLANG_WARN_UNREACHABLE_CODE = YES;
				CLANG_WARN__DUPLICATE_METHOD_MATCH = YES;
				COPY_PHASE_STRIP = NO;
				DEBUG_INFORMATION_FORMAT = "dwarf-with-dsym";
				ENABLE_NS_ASSERTIONS = NO;
				ENABLE_STRICT_OBJC_MSGSEND = YES;
				GCC_C_LANGUAGE_STANDARD = gnu11;
				GCC_NO_COMMON_BLOCKS = YES;
				GCC_WARN_64_TO_32_BIT_CONVERSION = YES;
				GCC_WARN_ABOUT_RETURN_TYPE = YES_ERROR;
				GCC_WARN_UNDECLARED_SELECTOR = YES;
				GCC_WARN_UNINITIALIZED_AUTOS = YES_AGGRESSIVE;
				GCC_WARN_UNUSED_FUNCTION = YES;
				GCC_WARN_UNUSED_VARIABLE = YES;
				MACOSX_DEPLOYMENT_TARGET = 12.3;
				MTL_ENABLE_DEBUG_INFO = NO;
				MTL_FAST_MATH = YES;
				SDKROOT = macosx;
				SWIFT_COMPILATION_MODE = wholemodule;
				SWIFT_OPTIMIZATION_LEVEL = "-O";
			};
			name = Release;
		};
		6CDF9F1A28C5BF2A0097CB31 /* Debug */ = {
			isa = XCBuildConfiguration;
			buildSettings = {
				CODE_SIGN_STYLE = Automatic;
				ENABLE_TESTING_SEARCH_PATHS = YES;
				PRODUCT_NAME = "$(TARGET_NAME)";
				SWIFT_VERSION = 5.0;
			};
			name = Debug;
		};
		6CDF9F1B28C5BF2A0097CB31 /* Release */ = {
			isa = XCBuildConfiguration;
			buildSettings = {
				CODE_SIGN_STYLE = Automatic;
				ENABLE_TESTING_SEARCH_PATHS = YES;
				PRODUCT_NAME = "$(TARGET_NAME)";
				SWIFT_VERSION = 5.0;
			};
			name = Release;
		};
		6CDF9F4E28C5C97D0097CB31 /* Debug */ = {
			isa = XCBuildConfiguration;
			buildSettings = {
				CODE_SIGN_STYLE = Automatic;
				CURRENT_PROJECT_VERSION = 1;
				GENERATE_INFOPLIST_FILE = YES;
				MARKETING_VERSION = 1.0;
				PRODUCT_BUNDLE_IDENTIFIER = com.CodilityTest;
				PRODUCT_NAME = "$(TARGET_NAME)";
				SWIFT_EMIT_LOC_STRINGS = NO;
				SWIFT_VERSION = 5.0;
			};
			name = Debug;
		};
		6CDF9F4F28C5C97D0097CB31 /* Release */ = {
			isa = XCBuildConfiguration;
			buildSettings = {
				CODE_SIGN_STYLE = Automatic;
				CURRENT_PROJECT_VERSION = 1;
				GENERATE_INFOPLIST_FILE = YES;
				MARKETING_VERSION = 1.0;
				PRODUCT_BUNDLE_IDENTIFIER = com.CodilityTest;
				PRODUCT_NAME = "$(TARGET_NAME)";
				SWIFT_EMIT_LOC_STRINGS = NO;
				SWIFT_VERSION = 5.0;
			};
			name = Release;
		};
/* End XCBuildConfiguration section */

/* Begin XCConfigurationList section */
		6CDF9F0D28C5BF2A0097CB31 /* Build configuration list for PBXProject "CodilityAlgorithm" */ = {
			isa = XCConfigurationList;
			buildConfigurations = (
				6CDF9F1728C5BF2A0097CB31 /* Debug */,
				6CDF9F1828C5BF2A0097CB31 /* Release */,
			);
			defaultConfigurationIsVisible = 0;
			defaultConfigurationName = Release;
		};
		6CDF9F1928C5BF2A0097CB31 /* Build configuration list for PBXNativeTarget "CodilityAlgorithm" */ = {
			isa = XCConfigurationList;
			buildConfigurations = (
				6CDF9F1A28C5BF2A0097CB31 /* Debug */,
				6CDF9F1B28C5BF2A0097CB31 /* Release */,
			);
			defaultConfigurationIsVisible = 0;
			defaultConfigurationName = Release;
		};
		6CDF9F4D28C5C97D0097CB31 /* Build configuration list for PBXNativeTarget "CodilityTest" */ = {
			isa = XCConfigurationList;
			buildConfigurations = (
				6CDF9F4E28C5C97D0097CB31 /* Debug */,
				6CDF9F4F28C5C97D0097CB31 /* Release */,
			);
			defaultConfigurationIsVisible = 0;
			defaultConfigurationName = Release;
		};
/* End XCConfigurationList section */
	};
	rootObject = 6CDF9F0A28C5BF2A0097CB31 /* Project object */;
}
