// !$*UTF8*$!
{
	archiveVersion = 1;
	classes = {
	};
	objectVersion = 55;
	objects = {

/* Begin PBXBuildFile section */
		6CFD9CCE2734FF50001E788B /* main.swift in Sources */ = {isa = PBXBuildFile; fileRef = 6CFD9CCD2734FF50001E788B /* main.swift */; };
		6CFD9CD72734FF84001E788B /* p1000.swift in Sources */ = {isa = PBXBuildFile; fileRef = 6CFD9CD62734FF84001E788B /* p1000.swift */; };
		6CFD9CD92734FFD6001E788B /* p1008.swift in Sources */ = {isa = PBXBuildFile; fileRef = 6CFD9CD82734FFD6001E788B /* p1008.swift */; };
		6CFD9CDB2734FFFA001E788B /* p2438.swift in Sources */ = {isa = PBXBuildFile; fileRef = 6CFD9CDA2734FFFA001E788B /* p2438.swift */; };
		6CFD9CDF2735002B001E788B /* p2920.swift in Sources */ = {isa = PBXBuildFile; fileRef = 6CFD9CDE2735002B001E788B /* p2920.swift */; };
/* End PBXBuildFile section */

/* Begin PBXCopyFilesBuildPhase section */
		6CFD9CC82734FF50001E788B /* CopyFiles */ = {
			isa = PBXCopyFilesBuildPhase;
			buildActionMask = 2147483647;
			dstPath = /usr/share/man/man1/;
			dstSubfolderSpec = 0;
			files = (
			);
			runOnlyForDeploymentPostprocessing = 1;
		};
/* End PBXCopyFilesBuildPhase section */

/* Begin PBXFileReference section */
		6CFD9CCA2734FF50001E788B /* cocoaAlgorithm */ = {isa = PBXFileReference; explicitFileType = "compiled.mach-o.executable"; includeInIndex = 0; path = cocoaAlgorithm; sourceTree = BUILT_PRODUCTS_DIR; };
		6CFD9CCD2734FF50001E788B /* main.swift */ = {isa = PBXFileReference; lastKnownFileType = sourcecode.swift; path = main.swift; sourceTree = "<group>"; };
		6CFD9CD62734FF84001E788B /* p1000.swift */ = {isa = PBXFileReference; lastKnownFileType = sourcecode.swift; path = p1000.swift; sourceTree = "<group>"; };
		6CFD9CD82734FFD6001E788B /* p1008.swift */ = {isa = PBXFileReference; lastKnownFileType = sourcecode.swift; path = p1008.swift; sourceTree = "<group>"; };
		6CFD9CDA2734FFFA001E788B /* p2438.swift */ = {isa = PBXFileReference; lastKnownFileType = sourcecode.swift; path = p2438.swift; sourceTree = "<group>"; };
		6CFD9CDE2735002B001E788B /* p2920.swift */ = {isa = PBXFileReference; lastKnownFileType = sourcecode.swift; path = p2920.swift; sourceTree = "<group>"; };
/* End PBXFileReference section */

/* Begin PBXFrameworksBuildPhase section */
		6CFD9CC72734FF50001E788B /* Frameworks */ = {
			isa = PBXFrameworksBuildPhase;
			buildActionMask = 2147483647;
			files = (
			);
			runOnlyForDeploymentPostprocessing = 0;
		};
/* End PBXFrameworksBuildPhase section */

/* Begin PBXGroup section */
		6CFD9CC12734FF50001E788B = {
			isa = PBXGroup;
			children = (
				6CFD9CCC2734FF50001E788B /* cocoaAlgorithm */,
				6CFD9CCB2734FF50001E788B /* Products */,
			);
			sourceTree = "<group>";
		};
		6CFD9CCB2734FF50001E788B /* Products */ = {
			isa = PBXGroup;
			children = (
				6CFD9CCA2734FF50001E788B /* cocoaAlgorithm */,
			);
			name = Products;
			sourceTree = "<group>";
		};
		6CFD9CCC2734FF50001E788B /* cocoaAlgorithm */ = {
			isa = PBXGroup;
			children = (
				6CFD9CCD2734FF50001E788B /* main.swift */,
				6CFD9CD62734FF84001E788B /* p1000.swift */,
				6CFD9CD82734FFD6001E788B /* p1008.swift */,
				6CFD9CDA2734FFFA001E788B /* p2438.swift */,
				6CFD9CDE2735002B001E788B /* p2920.swift */,
			);
			path = cocoaAlgorithm;
			sourceTree = "<group>";
		};
/* End PBXGroup section */

/* Begin PBXNativeTarget section */
		6CFD9CC92734FF50001E788B /* cocoaAlgorithm */ = {
			isa = PBXNativeTarget;
			buildConfigurationList = 6CFD9CD12734FF50001E788B /* Build configuration list for PBXNativeTarget "cocoaAlgorithm" */;
			buildPhases = (
				6CFD9CC62734FF50001E788B /* Sources */,
				6CFD9CC72734FF50001E788B /* Frameworks */,
				6CFD9CC82734FF50001E788B /* CopyFiles */,
			);
			buildRules = (
			);
			dependencies = (
			);
			name = cocoaAlgorithm;
			productName = cocoaAlgorithm;
			productReference = 6CFD9CCA2734FF50001E788B /* cocoaAlgorithm */;
			productType = "com.apple.product-type.tool";
		};
/* End PBXNativeTarget section */

/* Begin PBXProject section */
		6CFD9CC22734FF50001E788B /* Project object */ = {
			isa = PBXProject;
			attributes = {
				BuildIndependentTargetsInParallel = 1;
				LastSwiftUpdateCheck = 1310;
				LastUpgradeCheck = 1310;
				TargetAttributes = {
					6CFD9CC92734FF50001E788B = {
						CreatedOnToolsVersion = 13.1;
					};
				};
			};
			buildConfigurationList = 6CFD9CC52734FF50001E788B /* Build configuration list for PBXProject "cocoaAlgorithm" */;
			compatibilityVersion = "Xcode 13.0";
			developmentRegion = en;
			hasScannedForEncodings = 0;
			knownRegions = (
				en,
				Base,
			);
			mainGroup = 6CFD9CC12734FF50001E788B;
			productRefGroup = 6CFD9CCB2734FF50001E788B /* Products */;
			projectDirPath = "";
			projectRoot = "";
			targets = (
				6CFD9CC92734FF50001E788B /* cocoaAlgorithm */,
			);
		};
/* End PBXProject section */

/* Begin PBXSourcesBuildPhase section */
		6CFD9CC62734FF50001E788B /* Sources */ = {
			isa = PBXSourcesBuildPhase;
			buildActionMask = 2147483647;
			files = (
				6CFD9CCE2734FF50001E788B /* main.swift in Sources */,
				6CFD9CD92734FFD6001E788B /* p1008.swift in Sources */,
				6CFD9CD72734FF84001E788B /* p1000.swift in Sources */,
				6CFD9CDB2734FFFA001E788B /* p2438.swift in Sources */,
				6CFD9CDF2735002B001E788B /* p2920.swift in Sources */,
			);
			runOnlyForDeploymentPostprocessing = 0;
		};
/* End PBXSourcesBuildPhase section */

/* Begin XCBuildConfiguration section */
		6CFD9CCF2734FF50001E788B /* Debug */ = {
			isa = XCBuildConfiguration;
			buildSettings = {
				ALWAYS_SEARCH_USER_PATHS = NO;
				CLANG_ANALYZER_NONNULL = YES;
				CLANG_ANALYZER_NUMBER_OBJECT_CONVERSION = YES_AGGRESSIVE;
				CLANG_CXX_LANGUAGE_STANDARD = "gnu++17";
				CLANG_CXX_LIBRARY = "libc++";
				CLANG_ENABLE_MODULES = YES;
				CLANG_ENABLE_OBJC_ARC = YES;
				CLANG_ENABLE_OBJC_WEAK = YES;
				CLANG_WARN_BLOCK_CAPTURE_AUTORELEASING = YES;
				CLANG_WARN_BOOL_CONVERSION = YES;
				CLANG_WARN_COMMA = YES;
				CLANG_WARN_CONSTANT_CONVERSION = YES;
				CLANG_WARN_DEPRECATED_OBJC_IMPLEMENTATIONS = YES;
				CLANG_WARN_DIRECT_OBJC_ISA_USAGE = YES_ERROR;
				CLANG_WARN_DOCUMENTATION_COMMENTS = YES;
				CLANG_WARN_EMPTY_BODY = YES;
				CLANG_WARN_ENUM_CONVERSION = YES;
				CLANG_WARN_INFINITE_RECURSION = YES;
				CLANG_WARN_INT_CONVERSION = YES;
				CLANG_WARN_NON_LITERAL_NULL_CONVERSION = YES;
				CLANG_WARN_OBJC_IMPLICIT_RETAIN_SELF = YES;
				CLANG_WARN_OBJC_LITERAL_CONVERSION = YES;
				CLANG_WARN_OBJC_ROOT_CLASS = YES_ERROR;
				CLANG_WARN_QUOTED_INCLUDE_IN_FRAMEWORK_HEADER = YES;
				CLANG_WARN_RANGE_LOOP_ANALYSIS = YES;
				CLANG_WARN_STRICT_PROTOTYPES = YES;
				CLANG_WARN_SUSPICIOUS_MOVE = YES;
				CLANG_WARN_UNGUARDED_AVAILABILITY = YES_AGGRESSIVE;
				CLANG_WARN_UNREACHABLE_CODE = YES;
				CLANG_WARN__DUPLICATE_METHOD_MATCH = YES;
				COPY_PHASE_STRIP = NO;
				DEBUG_INFORMATION_FORMAT = dwarf;
				ENABLE_STRICT_OBJC_MSGSEND = YES;
				ENABLE_TESTABILITY = YES;
				GCC_C_LANGUAGE_STANDARD = gnu11;
				GCC_DYNAMIC_NO_PIC = NO;
				GCC_NO_COMMON_BLOCKS = YES;
				GCC_OPTIMIZATION_LEVEL = 0;
				GCC_PREPROCESSOR_DEFINITIONS = (
					"DEBUG=1",
					"$(inherited)",
				);
				GCC_WARN_64_TO_32_BIT_CONVERSION = YES;
				GCC_WARN_ABOUT_RETURN_TYPE = YES_ERROR;
				GCC_WARN_UNDECLARED_SELECTOR = YES;
				GCC_WARN_UNINITIALIZED_AUTOS = YES_AGGRESSIVE;
				GCC_WARN_UNUSED_FUNCTION = YES;
				GCC_WARN_UNUSED_VARIABLE = YES;
				MACOSX_DEPLOYMENT_TARGET = 12.0;
				MTL_ENABLE_DEBUG_INFO = INCLUDE_SOURCE;
				MTL_FAST_MATH = YES;
				ONLY_ACTIVE_ARCH = YES;
				SDKROOT = macosx;
				SWIFT_ACTIVE_COMPILATION_CONDITIONS = DEBUG;
				SWIFT_OPTIMIZATION_LEVEL = "-Onone";
			};
			name = Debug;
		};
		6CFD9CD02734FF50001E788B /* Release */ = {
			isa = XCBuildConfiguration;
			buildSettings = {
				ALWAYS_SEARCH_USER_PATHS = NO;
				CLANG_ANALYZER_NONNULL = YES;
				CLANG_ANALYZER_NUMBER_OBJECT_CONVERSION = YES_AGGRESSIVE;
				CLANG_CXX_LANGUAGE_STANDARD = "gnu++17";
				CLANG_CXX_LIBRARY = "libc++";
				CLANG_ENABLE_MODULES = YES;
				CLANG_ENABLE_OBJC_ARC = YES;
				CLANG_ENABLE_OBJC_WEAK = YES;
				CLANG_WARN_BLOCK_CAPTURE_AUTORELEASING = YES;
				CLANG_WARN_BOOL_CONVERSION = YES;
				CLANG_WARN_COMMA = YES;
				CLANG_WARN_CONSTANT_CONVERSION = YES;
				CLANG_WARN_DEPRECATED_OBJC_IMPLEMENTATIONS = YES;
				CLANG_WARN_DIRECT_OBJC_ISA_USAGE = YES_ERROR;
				CLANG_WARN_DOCUMENTATION_COMMENTS = YES;
				CLANG_WARN_EMPTY_BODY = YES;
				CLANG_WARN_ENUM_CONVERSION = YES;
				CLANG_WARN_INFINITE_RECURSION = YES;
				CLANG_WARN_INT_CONVERSION = YES;
				CLANG_WARN_NON_LITERAL_NULL_CONVERSION = YES;
				CLANG_WARN_OBJC_IMPLICIT_RETAIN_SELF = YES;
				CLANG_WARN_OBJC_LITERAL_CONVERSION = YES;
				CLANG_WARN_OBJC_ROOT_CLASS = YES_ERROR;
				CLANG_WARN_QUOTED_INCLUDE_IN_FRAMEWORK_HEADER = YES;
				CLANG_WARN_RANGE_LOOP_ANALYSIS = YES;
				CLANG_WARN_STRICT_PROTOTYPES = YES;
				CLANG_WARN_SUSPICIOUS_MOVE = YES;
				CLANG_WARN_UNGUARDED_AVAILABILITY = YES_AGGRESSIVE;
				CLANG_WARN_UNREACHABLE_CODE = YES;
				CLANG_WARN__DUPLICATE_METHOD_MATCH = YES;
				COPY_PHASE_STRIP = NO;
				DEBUG_INFORMATION_FORMAT = "dwarf-with-dsym";
				ENABLE_NS_ASSERTIONS = NO;
				ENABLE_STRICT_OBJC_MSGSEND = YES;
				GCC_C_LANGUAGE_STANDARD = gnu11;
				GCC_NO_COMMON_BLOCKS = YES;
				GCC_WARN_64_TO_32_BIT_CONVERSION = YES;
				GCC_WARN_ABOUT_RETURN_TYPE = YES_ERROR;
				GCC_WARN_UNDECLARED_SELECTOR = YES;
				GCC_WARN_UNINITIALIZED_AUTOS = YES_AGGRESSIVE;
				GCC_WARN_UNUSED_FUNCTION = YES;
				GCC_WARN_UNUSED_VARIABLE = YES;
				MACOSX_DEPLOYMENT_TARGET = 12.0;
				MTL_ENABLE_DEBUG_INFO = NO;
				MTL_FAST_MATH = YES;
				SDKROOT = macosx;
				SWIFT_COMPILATION_MODE = wholemodule;
				SWIFT_OPTIMIZATION_LEVEL = "-O";
			};
			name = Release;
		};
		6CFD9CD22734FF50001E788B /* Debug */ = {
			isa = XCBuildConfiguration;
			buildSettings = {
				CODE_SIGN_STYLE = Automatic;
				PRODUCT_NAME = "$(TARGET_NAME)";
				SWIFT_VERSION = 5.0;
			};
			name = Debug;
		};
		6CFD9CD32734FF50001E788B /* Release */ = {
			isa = XCBuildConfiguration;
			buildSettings = {
				CODE_SIGN_STYLE = Automatic;
				PRODUCT_NAME = "$(TARGET_NAME)";
				SWIFT_VERSION = 5.0;
			};
			name = Release;
		};
/* End XCBuildConfiguration section */

/* Begin XCConfigurationList section */
		6CFD9CC52734FF50001E788B /* Build configuration list for PBXProject "cocoaAlgorithm" */ = {
			isa = XCConfigurationList;
			buildConfigurations = (
				6CFD9CCF2734FF50001E788B /* Debug */,
				6CFD9CD02734FF50001E788B /* Release */,
			);
			defaultConfigurationIsVisible = 0;
			defaultConfigurationName = Release;
		};
		6CFD9CD12734FF50001E788B /* Build configuration list for PBXNativeTarget "cocoaAlgorithm" */ = {
			isa = XCConfigurationList;
			buildConfigurations = (
				6CFD9CD22734FF50001E788B /* Debug */,
				6CFD9CD32734FF50001E788B /* Release */,
			);
			defaultConfigurationIsVisible = 0;
			defaultConfigurationName = Release;
		};
/* End XCConfigurationList section */
	};
	rootObject = 6CFD9CC22734FF50001E788B /* Project object */;
}
